// !$*UTF8*$!
{
	archiveVersion = 1;
	classes = {
	};
	objectVersion = 51;
	objects = {

/* Begin PBXBuildFile section */
		49026F9224DB423900724369 /* Constraints.swift in Sources */ = {isa = PBXBuildFile; fileRef = 49026F9124DB423900724369 /* Constraints.swift */; };
		49026F9B24DB4FBF00724369 /* ProgressCell.swift in Sources */ = {isa = PBXBuildFile; fileRef = 49026F9A24DB4FBF00724369 /* ProgressCell.swift */; };
		4906B77524F2FEA700417574 /* EditEntryViewController.swift in Sources */ = {isa = PBXBuildFile; fileRef = 4906B77424F2FEA700417574 /* EditEntryViewController.swift */; };
		491165FF24FAE4A000B2963A /* Test.swift in Sources */ = {isa = PBXBuildFile; fileRef = 491165FE24FAE4A000B2963A /* Test.swift */; };
		491A66202509947300B659CB /* UsersViewController.swift in Sources */ = {isa = PBXBuildFile; fileRef = 491A661F2509947300B659CB /* UsersViewController.swift */; };
		491A6622250997B200B659CB /* UserCell.swift in Sources */ = {isa = PBXBuildFile; fileRef = 491A6621250997B200B659CB /* UserCell.swift */; };
		491F5A7C24E458FA0075EDCD /* DetailTableViewController.swift in Sources */ = {isa = PBXBuildFile; fileRef = 491F5A7B24E458FA0075EDCD /* DetailTableViewController.swift */; };
		4926509124FF25AF001AA5A3 /* MainDataImporter.swift in Sources */ = {isa = PBXBuildFile; fileRef = 4926509024FF25AF001AA5A3 /* MainDataImporter.swift */; };
		493FF0EF250AABA10085EB42 /* MetricCard.swift in Sources */ = {isa = PBXBuildFile; fileRef = 493FF0EE250AABA10085EB42 /* MetricCard.swift */; };
		494F0C2A24D70BAC00C5450C /* ExistingGoalsMenuTableViewController.swift in Sources */ = {isa = PBXBuildFile; fileRef = 494F0C2924D70BAC00C5450C /* ExistingGoalsMenuTableViewController.swift */; };
		494F0C2C24D7246A00C5450C /* ManagedObjectContext.swift in Sources */ = {isa = PBXBuildFile; fileRef = 494F0C2B24D7246A00C5450C /* ManagedObjectContext.swift */; };
		4958D09D2525274B00703A83 /* ShowProfile.swift in Sources */ = {isa = PBXBuildFile; fileRef = 4958D09C2525274B00703A83 /* ShowProfile.swift */; };
		4958D0A02525275800703A83 /* CreateProfile.swift in Sources */ = {isa = PBXBuildFile; fileRef = 4958D09F2525275800703A83 /* CreateProfile.swift */; };
		4958D0A3252527FE00703A83 /* ProfileBaseViewController.swift in Sources */ = {isa = PBXBuildFile; fileRef = 4958D0A2252527FE00703A83 /* ProfileBaseViewController.swift */; };
		495F907A2526624D007ECBCA /* EditProfile.swift in Sources */ = {isa = PBXBuildFile; fileRef = 495F90792526624D007ECBCA /* EditProfile.swift */; };
		496149CC25007DAF00C5A23B /* BarChartAxisFormatter.swift in Sources */ = {isa = PBXBuildFile; fileRef = 496149CB25007DAE00C5A23B /* BarChartAxisFormatter.swift */; };
		4964C8ED252372FC0093DAE0 /* StoreObserver.swift in Sources */ = {isa = PBXBuildFile; fileRef = 4964C8EC252372FC0093DAE0 /* StoreObserver.swift */; };
		4964C8F02523758B0093DAE0 /* AppProtocols.swift in Sources */ = {isa = PBXBuildFile; fileRef = 4964C8EF2523758B0093DAE0 /* AppProtocols.swift */; };
		4964C8F3252377380093DAE0 /* AppDataTypes.swift in Sources */ = {isa = PBXBuildFile; fileRef = 4964C8F2252377380093DAE0 /* AppDataTypes.swift */; };
		4964C8F6252378E70093DAE0 /* Products.swift in Sources */ = {isa = PBXBuildFile; fileRef = 4964C8F5252378E70093DAE0 /* Products.swift */; };
		4964C8F9252379260093DAE0 /* Purchases.swift in Sources */ = {isa = PBXBuildFile; fileRef = 4964C8F8252379260093DAE0 /* Purchases.swift */; };
		4964C8FC252379920093DAE0 /* PaymentTransactionDetails.swift in Sources */ = {isa = PBXBuildFile; fileRef = 4964C8FB252379920093DAE0 /* PaymentTransactionDetails.swift */; };
		4964C8FF25237A620093DAE0 /* IAPViewController.swift in Sources */ = {isa = PBXBuildFile; fileRef = 4964C8FE25237A620093DAE0 /* IAPViewController.swift */; };
		4964C90225237B040093DAE0 /* AppExtensions.swift in Sources */ = {isa = PBXBuildFile; fileRef = 4964C90125237B040093DAE0 /* AppExtensions.swift */; };
		4964C90625237B240093DAE0 /* Utilities.swift in Sources */ = {isa = PBXBuildFile; fileRef = 4964C90525237B240093DAE0 /* Utilities.swift */; };
		4964C90A25237B870093DAE0 /* BaseViewController.swift in Sources */ = {isa = PBXBuildFile; fileRef = 4964C90925237B870093DAE0 /* BaseViewController.swift */; };
		4964C90E252388C90093DAE0 /* ParentViewController.swift in Sources */ = {isa = PBXBuildFile; fileRef = 4964C90D252388C90093DAE0 /* ParentViewController.swift */; };
		4969912A2527C31400DC86F7 /* PriceCell.swift in Sources */ = {isa = PBXBuildFile; fileRef = 496991292527C31400DC86F7 /* PriceCell.swift */; };
		496D240E252BEA3200D404CB /* HistoryTableViewController.swift in Sources */ = {isa = PBXBuildFile; fileRef = 496D240D252BEA3200D404CB /* HistoryTableViewController.swift */; };
		49795B7624DC864000D27111 /* EntryViewController.swift in Sources */ = {isa = PBXBuildFile; fileRef = 49795B7524DC864000D27111 /* EntryViewController.swift */; };
		497DC78424EA15A800446178 /* NewViewController.swift in Sources */ = {isa = PBXBuildFile; fileRef = 497DC78324EA15A800446178 /* NewViewController.swift */; };
		49812F1D2503042900F2BBCB /* CloudKit.framework in Frameworks */ = {isa = PBXBuildFile; fileRef = 49812F1C2503042900F2BBCB /* CloudKit.framework */; };
		4985495E251C01F80096444D /* Goal+CoreDataClass.swift in Sources */ = {isa = PBXBuildFile; fileRef = 49854954251C01F80096444D /* Goal+CoreDataClass.swift */; };
		4985495F251C01F80096444D /* Goal+CoreDataProperties.swift in Sources */ = {isa = PBXBuildFile; fileRef = 49854955251C01F80096444D /* Goal+CoreDataProperties.swift */; };
		49854960251C01F80096444D /* Progress+CoreDataClass.swift in Sources */ = {isa = PBXBuildFile; fileRef = 49854956251C01F80096444D /* Progress+CoreDataClass.swift */; };
		49854961251C01F80096444D /* Progress+CoreDataProperties.swift in Sources */ = {isa = PBXBuildFile; fileRef = 49854957251C01F80096444D /* Progress+CoreDataProperties.swift */; };
		49854962251C01F80096444D /* Profile+CoreDataClass.swift in Sources */ = {isa = PBXBuildFile; fileRef = 49854958251C01F80096444D /* Profile+CoreDataClass.swift */; };
		49854963251C01F80096444D /* Profile+CoreDataProperties.swift in Sources */ = {isa = PBXBuildFile; fileRef = 49854959251C01F80096444D /* Profile+CoreDataProperties.swift */; };
		49854964251C01F80096444D /* Subscription+CoreDataClass.swift in Sources */ = {isa = PBXBuildFile; fileRef = 4985495A251C01F80096444D /* Subscription+CoreDataClass.swift */; };
		49854965251C01F80096444D /* Subscription+CoreDataProperties.swift in Sources */ = {isa = PBXBuildFile; fileRef = 4985495B251C01F80096444D /* Subscription+CoreDataProperties.swift */; };
		49854966251C01F80096444D /* Metric+CoreDataClass.swift in Sources */ = {isa = PBXBuildFile; fileRef = 4985495C251C01F80096444D /* Metric+CoreDataClass.swift */; };
		49854967251C01F80096444D /* Metric+CoreDataProperties.swift in Sources */ = {isa = PBXBuildFile; fileRef = 4985495D251C01F80096444D /* Metric+CoreDataProperties.swift */; };
		4985496A251D9BF10096444D /* MoreCollectionViewController.swift in Sources */ = {isa = PBXBuildFile; fileRef = 49854969251D9BF10096444D /* MoreCollectionViewController.swift */; };
		4985496D251D9EF70096444D /* MoreCollectionViewCell.swift in Sources */ = {isa = PBXBuildFile; fileRef = 4985496C251D9EF70096444D /* MoreCollectionViewCell.swift */; };
		498AC32924FD524C003FDBF2 /* PieChartViewController.swift in Sources */ = {isa = PBXBuildFile; fileRef = 498AC32824FD524C003FDBF2 /* PieChartViewController.swift */; };
		498B77BC25291CB5002B5B4F /* IAPValidation.swift in Sources */ = {isa = PBXBuildFile; fileRef = 498B77BB25291CB5002B5B4F /* IAPValidation.swift */; };
		4996BD4524D485C900E301B4 /* AppDelegate.swift in Sources */ = {isa = PBXBuildFile; fileRef = 4996BD4424D485C900E301B4 /* AppDelegate.swift */; };
		4996BD4724D485C900E301B4 /* SceneDelegate.swift in Sources */ = {isa = PBXBuildFile; fileRef = 4996BD4624D485C900E301B4 /* SceneDelegate.swift */; };
		4996BD4924D485C900E301B4 /* ViewController.swift in Sources */ = {isa = PBXBuildFile; fileRef = 4996BD4824D485C900E301B4 /* ViewController.swift */; };
		4996BD4C24D485C900E301B4 /* Main.storyboard in Resources */ = {isa = PBXBuildFile; fileRef = 4996BD4A24D485C900E301B4 /* Main.storyboard */; };
		4996BD4F24D485C900E301B4 /* Hundred.xcdatamodeld in Sources */ = {isa = PBXBuildFile; fileRef = 4996BD4D24D485C900E301B4 /* Hundred.xcdatamodeld */; };
		4996BD5124D485CB00E301B4 /* Assets.xcassets in Resources */ = {isa = PBXBuildFile; fileRef = 4996BD5024D485CB00E301B4 /* Assets.xcassets */; };
		4996BD5424D485CB00E301B4 /* LaunchScreen.storyboard in Resources */ = {isa = PBXBuildFile; fileRef = 4996BD5224D485CB00E301B4 /* LaunchScreen.storyboard */; };
		4996BD5C24D48B0700E301B4 /* GoalsTableViewController.swift in Sources */ = {isa = PBXBuildFile; fileRef = 4996BD5B24D48B0700E301B4 /* GoalsTableViewController.swift */; };
		499E8B2F24F0CC1700C829C8 /* EditViewController.swift in Sources */ = {isa = PBXBuildFile; fileRef = 499E8B2E24F0CC1700C829C8 /* EditViewController.swift */; };
		49AF2079251EBB25001EA1DD /* SubscriptionViewController.swift in Sources */ = {isa = PBXBuildFile; fileRef = 49AF2078251EBB25001EA1DD /* SubscriptionViewController.swift */; };
		49AF207C251EBBA4001EA1DD /* FAQViewController.swift in Sources */ = {isa = PBXBuildFile; fileRef = 49AF207B251EBBA4001EA1DD /* FAQViewController.swift */; };
		49AF207F251EBBF2001EA1DD /* FeedbackViewController.swift in Sources */ = {isa = PBXBuildFile; fileRef = 49AF207E251EBBF2001EA1DD /* FeedbackViewController.swift */; };
		49AF2086251EF7DF001EA1DD /* FAQTableViewCell.swift in Sources */ = {isa = PBXBuildFile; fileRef = 49AF2085251EF7DE001EA1DD /* FAQTableViewCell.swift */; };
		49B328FE24E3269F00D9E8D4 /* DataImporter.swift in Sources */ = {isa = PBXBuildFile; fileRef = 49B328FD24E3269F00D9E8D4 /* DataImporter.swift */; };
		49C70D6925016923000BC383 /* MyAnnotation.swift in Sources */ = {isa = PBXBuildFile; fileRef = 49C70D6825016923000BC383 /* MyAnnotation.swift */; };
		49C70D6B25016B02000BC383 /* MapKit.framework in Frameworks */ = {isa = PBXBuildFile; fileRef = 49C70D6A25016B02000BC383 /* MapKit.framework */; };
		49C70D6D25016BF1000BC383 /* MapViewController.swift in Sources */ = {isa = PBXBuildFile; fileRef = 49C70D6C25016BF1000BC383 /* MapViewController.swift */; };
		49C70D7125018D12000BC383 /* MyAnnotationView.swift in Sources */ = {isa = PBXBuildFile; fileRef = 49C70D7025018D12000BC383 /* MyAnnotationView.swift */; };
		49C70D732501940D000BC383 /* LocationSearchViewController.swift in Sources */ = {isa = PBXBuildFile; fileRef = 49C70D722501940D000BC383 /* LocationSearchViewController.swift */; };
		49C8690524F44D66005D0C4D /* GoalCell.swift in Sources */ = {isa = PBXBuildFile; fileRef = 49C8690424F44D66005D0C4D /* GoalCell.swift */; };
		49D3B4EB2520196500B714C5 /* StoreKit.framework in Frameworks */ = {isa = PBXBuildFile; fileRef = 49D3B4EA2520196500B714C5 /* StoreKit.framework */; };
		49DB486A2520F985004B3747 /* StoreManager.swift in Sources */ = {isa = PBXBuildFile; fileRef = 49DB48692520F985004B3747 /* StoreManager.swift */; };
		49DB512C24ECAA6500857634 /* ButtonCreator.swift in Sources */ = {isa = PBXBuildFile; fileRef = 49DB512B24ECAA6500857634 /* ButtonCreator.swift */; };
		49DE68A624F71838009C886C /* ChartXAxisFormatter.swift in Sources */ = {isa = PBXBuildFile; fileRef = 49DE68A524F71838009C886C /* ChartXAxisFormatter.swift */; };
		49E9631224FC8FA10041239B /* SpinnerViewController.swift in Sources */ = {isa = PBXBuildFile; fileRef = 49E9631124FC8FA10041239B /* SpinnerViewController.swift */; };
		49ED332825114BBF006FE080 /* ProfileViewController.swift in Sources */ = {isa = PBXBuildFile; fileRef = 49ED332725114BBF006FE080 /* ProfileViewController.swift */; };
		49F1B1EA24FB21B8006D6887 /* CalendarDetailTableViewController.swift in Sources */ = {isa = PBXBuildFile; fileRef = 49F1B1E924FB21B8006D6887 /* CalendarDetailTableViewController.swift */; };
		49F1B1EC24FB34BA006D6887 /* CalendarCell.swift in Sources */ = {isa = PBXBuildFile; fileRef = 49F1B1EB24FB34BA006D6887 /* CalendarCell.swift */; };
		49F8B0B9252BD81600C37BCF /* UserProfileViewController.swift in Sources */ = {isa = PBXBuildFile; fileRef = 49F8B0B8252BD81600C37BCF /* UserProfileViewController.swift */; };
		49FD8FFF250EF7B100B60360 /* UserDetailViewController.swift in Sources */ = {isa = PBXBuildFile; fileRef = 49FD8FFE250EF7B100B60360 /* UserDetailViewController.swift */; };
		959BBA5D7FE2D6CC34668FE7 /* Pods_Hundred.framework in Frameworks */ = {isa = PBXBuildFile; fileRef = E151965057E79A8338541A10 /* Pods_Hundred.framework */; };
/* End PBXBuildFile section */

/* Begin PBXFileReference section */
		49026F9124DB423900724369 /* Constraints.swift */ = {isa = PBXFileReference; lastKnownFileType = sourcecode.swift; path = Constraints.swift; sourceTree = "<group>"; };
		49026F9A24DB4FBF00724369 /* ProgressCell.swift */ = {isa = PBXFileReference; lastKnownFileType = sourcecode.swift; path = ProgressCell.swift; sourceTree = "<group>"; };
		4906B77424F2FEA700417574 /* EditEntryViewController.swift */ = {isa = PBXFileReference; lastKnownFileType = sourcecode.swift; path = EditEntryViewController.swift; sourceTree = "<group>"; };
		491165FE24FAE4A000B2963A /* Test.swift */ = {isa = PBXFileReference; lastKnownFileType = sourcecode.swift; path = Test.swift; sourceTree = "<group>"; };
		491A661F2509947300B659CB /* UsersViewController.swift */ = {isa = PBXFileReference; lastKnownFileType = sourcecode.swift; path = UsersViewController.swift; sourceTree = "<group>"; };
		491A6621250997B200B659CB /* UserCell.swift */ = {isa = PBXFileReference; lastKnownFileType = sourcecode.swift; path = UserCell.swift; sourceTree = "<group>"; };
		491F5A7B24E458FA0075EDCD /* DetailTableViewController.swift */ = {isa = PBXFileReference; lastKnownFileType = sourcecode.swift; path = DetailTableViewController.swift; sourceTree = "<group>"; };
		4926509024FF25AF001AA5A3 /* MainDataImporter.swift */ = {isa = PBXFileReference; lastKnownFileType = sourcecode.swift; path = MainDataImporter.swift; sourceTree = "<group>"; };
		493FF0EE250AABA10085EB42 /* MetricCard.swift */ = {isa = PBXFileReference; lastKnownFileType = sourcecode.swift; path = MetricCard.swift; sourceTree = "<group>"; };
		494F0C2924D70BAC00C5450C /* ExistingGoalsMenuTableViewController.swift */ = {isa = PBXFileReference; lastKnownFileType = sourcecode.swift; path = ExistingGoalsMenuTableViewController.swift; sourceTree = "<group>"; };
		494F0C2B24D7246A00C5450C /* ManagedObjectContext.swift */ = {isa = PBXFileReference; lastKnownFileType = sourcecode.swift; path = ManagedObjectContext.swift; sourceTree = "<group>"; };
		4958D09C2525274B00703A83 /* ShowProfile.swift */ = {isa = PBXFileReference; lastKnownFileType = sourcecode.swift; path = ShowProfile.swift; sourceTree = "<group>"; };
		4958D09F2525275800703A83 /* CreateProfile.swift */ = {isa = PBXFileReference; lastKnownFileType = sourcecode.swift; path = CreateProfile.swift; sourceTree = "<group>"; };
		4958D0A2252527FE00703A83 /* ProfileBaseViewController.swift */ = {isa = PBXFileReference; lastKnownFileType = sourcecode.swift; path = ProfileBaseViewController.swift; sourceTree = "<group>"; };
		495F90792526624D007ECBCA /* EditProfile.swift */ = {isa = PBXFileReference; lastKnownFileType = sourcecode.swift; path = EditProfile.swift; sourceTree = "<group>"; };
		496149CB25007DAE00C5A23B /* BarChartAxisFormatter.swift */ = {isa = PBXFileReference; lastKnownFileType = sourcecode.swift; path = BarChartAxisFormatter.swift; sourceTree = "<group>"; };
		4964C8EC252372FC0093DAE0 /* StoreObserver.swift */ = {isa = PBXFileReference; lastKnownFileType = sourcecode.swift; path = StoreObserver.swift; sourceTree = "<group>"; };
		4964C8EF2523758B0093DAE0 /* AppProtocols.swift */ = {isa = PBXFileReference; lastKnownFileType = sourcecode.swift; path = AppProtocols.swift; sourceTree = "<group>"; };
		4964C8F2252377380093DAE0 /* AppDataTypes.swift */ = {isa = PBXFileReference; lastKnownFileType = sourcecode.swift; path = AppDataTypes.swift; sourceTree = "<group>"; };
		4964C8F5252378E70093DAE0 /* Products.swift */ = {isa = PBXFileReference; lastKnownFileType = sourcecode.swift; path = Products.swift; sourceTree = "<group>"; };
		4964C8F8252379260093DAE0 /* Purchases.swift */ = {isa = PBXFileReference; lastKnownFileType = sourcecode.swift; path = Purchases.swift; sourceTree = "<group>"; };
		4964C8FB252379920093DAE0 /* PaymentTransactionDetails.swift */ = {isa = PBXFileReference; lastKnownFileType = sourcecode.swift; path = PaymentTransactionDetails.swift; sourceTree = "<group>"; };
		4964C8FE25237A620093DAE0 /* IAPViewController.swift */ = {isa = PBXFileReference; lastKnownFileType = sourcecode.swift; path = IAPViewController.swift; sourceTree = "<group>"; };
		4964C90125237B040093DAE0 /* AppExtensions.swift */ = {isa = PBXFileReference; lastKnownFileType = sourcecode.swift; path = AppExtensions.swift; sourceTree = "<group>"; };
		4964C90525237B240093DAE0 /* Utilities.swift */ = {isa = PBXFileReference; lastKnownFileType = sourcecode.swift; path = Utilities.swift; sourceTree = "<group>"; };
		4964C90925237B870093DAE0 /* BaseViewController.swift */ = {isa = PBXFileReference; lastKnownFileType = sourcecode.swift; path = BaseViewController.swift; sourceTree = "<group>"; };
		4964C90D252388C90093DAE0 /* ParentViewController.swift */ = {isa = PBXFileReference; lastKnownFileType = sourcecode.swift; path = ParentViewController.swift; sourceTree = "<group>"; };
		496991292527C31400DC86F7 /* PriceCell.swift */ = {isa = PBXFileReference; lastKnownFileType = sourcecode.swift; path = PriceCell.swift; sourceTree = "<group>"; };
		496D240D252BEA3200D404CB /* HistoryTableViewController.swift */ = {isa = PBXFileReference; lastKnownFileType = sourcecode.swift; path = HistoryTableViewController.swift; sourceTree = "<group>"; };
		49795B7524DC864000D27111 /* EntryViewController.swift */ = {isa = PBXFileReference; lastKnownFileType = sourcecode.swift; path = EntryViewController.swift; sourceTree = "<group>"; };
		497DC78324EA15A800446178 /* NewViewController.swift */ = {isa = PBXFileReference; lastKnownFileType = sourcecode.swift; path = NewViewController.swift; sourceTree = "<group>"; };
		49812F1B2503033700F2BBCB /* Hundred.entitlements */ = {isa = PBXFileReference; lastKnownFileType = text.plist.entitlements; path = Hundred.entitlements; sourceTree = "<group>"; };
		49812F1C2503042900F2BBCB /* CloudKit.framework */ = {isa = PBXFileReference; lastKnownFileType = wrapper.framework; name = CloudKit.framework; path = System/Library/Frameworks/CloudKit.framework; sourceTree = SDKROOT; };
		49854954251C01F80096444D /* Goal+CoreDataClass.swift */ = {isa = PBXFileReference; lastKnownFileType = sourcecode.swift; path = "Goal+CoreDataClass.swift"; sourceTree = SOURCE_ROOT; };
		49854955251C01F80096444D /* Goal+CoreDataProperties.swift */ = {isa = PBXFileReference; lastKnownFileType = sourcecode.swift; path = "Goal+CoreDataProperties.swift"; sourceTree = SOURCE_ROOT; };
		49854956251C01F80096444D /* Progress+CoreDataClass.swift */ = {isa = PBXFileReference; lastKnownFileType = sourcecode.swift; path = "Progress+CoreDataClass.swift"; sourceTree = SOURCE_ROOT; };
		49854957251C01F80096444D /* Progress+CoreDataProperties.swift */ = {isa = PBXFileReference; lastKnownFileType = sourcecode.swift; path = "Progress+CoreDataProperties.swift"; sourceTree = SOURCE_ROOT; };
		49854958251C01F80096444D /* Profile+CoreDataClass.swift */ = {isa = PBXFileReference; lastKnownFileType = sourcecode.swift; path = "Profile+CoreDataClass.swift"; sourceTree = SOURCE_ROOT; };
		49854959251C01F80096444D /* Profile+CoreDataProperties.swift */ = {isa = PBXFileReference; lastKnownFileType = sourcecode.swift; path = "Profile+CoreDataProperties.swift"; sourceTree = SOURCE_ROOT; };
		4985495A251C01F80096444D /* Subscription+CoreDataClass.swift */ = {isa = PBXFileReference; lastKnownFileType = sourcecode.swift; path = "Subscription+CoreDataClass.swift"; sourceTree = SOURCE_ROOT; };
		4985495B251C01F80096444D /* Subscription+CoreDataProperties.swift */ = {isa = PBXFileReference; lastKnownFileType = sourcecode.swift; path = "Subscription+CoreDataProperties.swift"; sourceTree = SOURCE_ROOT; };
		4985495C251C01F80096444D /* Metric+CoreDataClass.swift */ = {isa = PBXFileReference; lastKnownFileType = sourcecode.swift; path = "Metric+CoreDataClass.swift"; sourceTree = SOURCE_ROOT; };
		4985495D251C01F80096444D /* Metric+CoreDataProperties.swift */ = {isa = PBXFileReference; lastKnownFileType = sourcecode.swift; path = "Metric+CoreDataProperties.swift"; sourceTree = SOURCE_ROOT; };
		49854969251D9BF10096444D /* MoreCollectionViewController.swift */ = {isa = PBXFileReference; lastKnownFileType = sourcecode.swift; path = MoreCollectionViewController.swift; sourceTree = "<group>"; };
		4985496C251D9EF70096444D /* MoreCollectionViewCell.swift */ = {isa = PBXFileReference; lastKnownFileType = sourcecode.swift; path = MoreCollectionViewCell.swift; sourceTree = "<group>"; };
		498AC32824FD524C003FDBF2 /* PieChartViewController.swift */ = {isa = PBXFileReference; lastKnownFileType = sourcecode.swift; path = PieChartViewController.swift; sourceTree = "<group>"; };
		498B77BB25291CB5002B5B4F /* IAPValidation.swift */ = {isa = PBXFileReference; lastKnownFileType = sourcecode.swift; path = IAPValidation.swift; sourceTree = "<group>"; };
		4996BD4124D485C900E301B4 /* Hundred.app */ = {isa = PBXFileReference; explicitFileType = wrapper.application; includeInIndex = 0; path = Hundred.app; sourceTree = BUILT_PRODUCTS_DIR; };
		4996BD4424D485C900E301B4 /* AppDelegate.swift */ = {isa = PBXFileReference; lastKnownFileType = sourcecode.swift; path = AppDelegate.swift; sourceTree = "<group>"; };
		4996BD4624D485C900E301B4 /* SceneDelegate.swift */ = {isa = PBXFileReference; lastKnownFileType = sourcecode.swift; path = SceneDelegate.swift; sourceTree = "<group>"; };
		4996BD4824D485C900E301B4 /* ViewController.swift */ = {isa = PBXFileReference; lastKnownFileType = sourcecode.swift; path = ViewController.swift; sourceTree = "<group>"; };
		4996BD4B24D485C900E301B4 /* Base */ = {isa = PBXFileReference; lastKnownFileType = file.storyboard; name = Base; path = Base.lproj/Main.storyboard; sourceTree = "<group>"; };
		4996BD4E24D485C900E301B4 /* Hundred.xcdatamodel */ = {isa = PBXFileReference; lastKnownFileType = wrapper.xcdatamodel; path = Hundred.xcdatamodel; sourceTree = "<group>"; };
		4996BD5024D485CB00E301B4 /* Assets.xcassets */ = {isa = PBXFileReference; lastKnownFileType = folder.assetcatalog; path = Assets.xcassets; sourceTree = "<group>"; };
		4996BD5324D485CB00E301B4 /* Base */ = {isa = PBXFileReference; lastKnownFileType = file.storyboard; name = Base; path = Base.lproj/LaunchScreen.storyboard; sourceTree = "<group>"; };
		4996BD5524D485CB00E301B4 /* Info.plist */ = {isa = PBXFileReference; lastKnownFileType = text.plist.xml; path = Info.plist; sourceTree = "<group>"; };
		4996BD5B24D48B0700E301B4 /* GoalsTableViewController.swift */ = {isa = PBXFileReference; lastKnownFileType = sourcecode.swift; path = GoalsTableViewController.swift; sourceTree = "<group>"; };
		499E8B2E24F0CC1700C829C8 /* EditViewController.swift */ = {isa = PBXFileReference; lastKnownFileType = sourcecode.swift; path = EditViewController.swift; sourceTree = "<group>"; };
		49A0B96C2512D0D40032DA41 /* HundredDebug.entitlements */ = {isa = PBXFileReference; lastKnownFileType = text.plist.entitlements; path = HundredDebug.entitlements; sourceTree = "<group>"; };
		49AF2078251EBB25001EA1DD /* SubscriptionViewController.swift */ = {isa = PBXFileReference; lastKnownFileType = sourcecode.swift; path = SubscriptionViewController.swift; sourceTree = "<group>"; };
		49AF207B251EBBA4001EA1DD /* FAQViewController.swift */ = {isa = PBXFileReference; lastKnownFileType = sourcecode.swift; path = FAQViewController.swift; sourceTree = "<group>"; };
		49AF207E251EBBF2001EA1DD /* FeedbackViewController.swift */ = {isa = PBXFileReference; lastKnownFileType = sourcecode.swift; path = FeedbackViewController.swift; sourceTree = "<group>"; };
		49AF2085251EF7DE001EA1DD /* FAQTableViewCell.swift */ = {isa = PBXFileReference; lastKnownFileType = sourcecode.swift; path = FAQTableViewCell.swift; sourceTree = "<group>"; };
		49B328FD24E3269F00D9E8D4 /* DataImporter.swift */ = {isa = PBXFileReference; lastKnownFileType = sourcecode.swift; path = DataImporter.swift; sourceTree = "<group>"; };
		49C70D6825016923000BC383 /* MyAnnotation.swift */ = {isa = PBXFileReference; lastKnownFileType = sourcecode.swift; path = MyAnnotation.swift; sourceTree = "<group>"; };
		49C70D6A25016B02000BC383 /* MapKit.framework */ = {isa = PBXFileReference; lastKnownFileType = wrapper.framework; name = MapKit.framework; path = System/Library/Frameworks/MapKit.framework; sourceTree = SDKROOT; };
		49C70D6C25016BF1000BC383 /* MapViewController.swift */ = {isa = PBXFileReference; lastKnownFileType = sourcecode.swift; path = MapViewController.swift; sourceTree = "<group>"; };
		49C70D7025018D12000BC383 /* MyAnnotationView.swift */ = {isa = PBXFileReference; lastKnownFileType = sourcecode.swift; path = MyAnnotationView.swift; sourceTree = "<group>"; };
		49C70D722501940D000BC383 /* LocationSearchViewController.swift */ = {isa = PBXFileReference; lastKnownFileType = sourcecode.swift; path = LocationSearchViewController.swift; sourceTree = "<group>"; };
		49C8690424F44D66005D0C4D /* GoalCell.swift */ = {isa = PBXFileReference; lastKnownFileType = sourcecode.swift; path = GoalCell.swift; sourceTree = "<group>"; };
		49D3B4EA2520196500B714C5 /* StoreKit.framework */ = {isa = PBXFileReference; lastKnownFileType = wrapper.framework; name = StoreKit.framework; path = System/Library/Frameworks/StoreKit.framework; sourceTree = SDKROOT; };
		49DB48692520F985004B3747 /* StoreManager.swift */ = {isa = PBXFileReference; lastKnownFileType = sourcecode.swift; path = StoreManager.swift; sourceTree = "<group>"; };
		49DB512B24ECAA6500857634 /* ButtonCreator.swift */ = {isa = PBXFileReference; lastKnownFileType = sourcecode.swift; path = ButtonCreator.swift; sourceTree = "<group>"; };
		49DE68A524F71838009C886C /* ChartXAxisFormatter.swift */ = {isa = PBXFileReference; lastKnownFileType = sourcecode.swift; path = ChartXAxisFormatter.swift; sourceTree = "<group>"; };
		49E9631124FC8FA10041239B /* SpinnerViewController.swift */ = {isa = PBXFileReference; lastKnownFileType = sourcecode.swift; path = SpinnerViewController.swift; sourceTree = "<group>"; };
		49ED332725114BBF006FE080 /* ProfileViewController.swift */ = {isa = PBXFileReference; lastKnownFileType = sourcecode.swift; path = ProfileViewController.swift; sourceTree = "<group>"; };
		49F1B1E924FB21B8006D6887 /* CalendarDetailTableViewController.swift */ = {isa = PBXFileReference; lastKnownFileType = sourcecode.swift; path = CalendarDetailTableViewController.swift; sourceTree = "<group>"; };
		49F1B1EB24FB34BA006D6887 /* CalendarCell.swift */ = {isa = PBXFileReference; lastKnownFileType = sourcecode.swift; path = CalendarCell.swift; sourceTree = "<group>"; };
		49F8B0B8252BD81600C37BCF /* UserProfileViewController.swift */ = {isa = PBXFileReference; lastKnownFileType = sourcecode.swift; path = UserProfileViewController.swift; sourceTree = "<group>"; };
		49FD8FFE250EF7B100B60360 /* UserDetailViewController.swift */ = {isa = PBXFileReference; lastKnownFileType = sourcecode.swift; path = UserDetailViewController.swift; sourceTree = "<group>"; };
		A27ACB2AB86EC0276A9D5E1C /* Pods-Hundred.debug.xcconfig */ = {isa = PBXFileReference; includeInIndex = 1; lastKnownFileType = text.xcconfig; name = "Pods-Hundred.debug.xcconfig"; path = "Target Support Files/Pods-Hundred/Pods-Hundred.debug.xcconfig"; sourceTree = "<group>"; };
		E151965057E79A8338541A10 /* Pods_Hundred.framework */ = {isa = PBXFileReference; explicitFileType = wrapper.framework; includeInIndex = 0; path = Pods_Hundred.framework; sourceTree = BUILT_PRODUCTS_DIR; };
		EF20E996A044CC08C66516E8 /* Pods-Hundred.release.xcconfig */ = {isa = PBXFileReference; includeInIndex = 1; lastKnownFileType = text.xcconfig; name = "Pods-Hundred.release.xcconfig"; path = "Target Support Files/Pods-Hundred/Pods-Hundred.release.xcconfig"; sourceTree = "<group>"; };
/* End PBXFileReference section */

/* Begin PBXFrameworksBuildPhase section */
		4996BD3E24D485C900E301B4 /* Frameworks */ = {
			isa = PBXFrameworksBuildPhase;
			buildActionMask = 2147483647;
			files = (
				49812F1D2503042900F2BBCB /* CloudKit.framework in Frameworks */,
				49C70D6B25016B02000BC383 /* MapKit.framework in Frameworks */,
				959BBA5D7FE2D6CC34668FE7 /* Pods_Hundred.framework in Frameworks */,
				49D3B4EB2520196500B714C5 /* StoreKit.framework in Frameworks */,
			);
			runOnlyForDeploymentPostprocessing = 0;
		};
/* End PBXFrameworksBuildPhase section */

/* Begin PBXGroup section */
		0A8A307875B520E0F1F62103 /* Frameworks */ = {
			isa = PBXGroup;
			children = (
				49D3B4EA2520196500B714C5 /* StoreKit.framework */,
				49812F1C2503042900F2BBCB /* CloudKit.framework */,
				49C70D6A25016B02000BC383 /* MapKit.framework */,
				E151965057E79A8338541A10 /* Pods_Hundred.framework */,
			);
			name = Frameworks;
			sourceTree = "<group>";
		};
		49026F9024DB41EB00724369 /* Extensions-Utilities */ = {
			isa = PBXGroup;
			children = (
				4964C8F2252377380093DAE0 /* AppDataTypes.swift */,
				4964C90125237B040093DAE0 /* AppExtensions.swift */,
				4964C8EF2523758B0093DAE0 /* AppProtocols.swift */,
				4964C90525237B240093DAE0 /* Utilities.swift */,
				49026F9124DB423900724369 /* Constraints.swift */,
				49E9631124FC8FA10041239B /* SpinnerViewController.swift */,
				494F0C2B24D7246A00C5450C /* ManagedObjectContext.swift */,
				493FF0EE250AABA10085EB42 /* MetricCard.swift */,
				49B328FD24E3269F00D9E8D4 /* DataImporter.swift */,
				4926509024FF25AF001AA5A3 /* MainDataImporter.swift */,
				49DB512B24ECAA6500857634 /* ButtonCreator.swift */,
				491165FE24FAE4A000B2963A /* Test.swift */,
			);
			path = "Extensions-Utilities";
			sourceTree = "<group>";
		};
		49026F9324DB4E2600724369 /* Supporting */ = {
			isa = PBXGroup;
			children = (
				4996BD4424D485C900E301B4 /* AppDelegate.swift */,
				4996BD4624D485C900E301B4 /* SceneDelegate.swift */,
				4996BD5024D485CB00E301B4 /* Assets.xcassets */,
				4996BD4A24D485C900E301B4 /* Main.storyboard */,
				4996BD5224D485CB00E301B4 /* LaunchScreen.storyboard */,
				4996BD4D24D485C900E301B4 /* Hundred.xcdatamodeld */,
			);
			path = Supporting;
			sourceTree = "<group>";
		};
		4958D09B252526E800703A83 /* Profile */ = {
			isa = PBXGroup;
			children = (
				49ED332725114BBF006FE080 /* ProfileViewController.swift */,
				4958D09F2525275800703A83 /* CreateProfile.swift */,
				4958D09C2525274B00703A83 /* ShowProfile.swift */,
				4958D0A2252527FE00703A83 /* ProfileBaseViewController.swift */,
				495F90792526624D007ECBCA /* EditProfile.swift */,
			);
			path = Profile;
			sourceTree = "<group>";
		};
		4964C90C252388A70093DAE0 /* IAP */ = {
			isa = PBXGroup;
			children = (
				4964C90D252388C90093DAE0 /* ParentViewController.swift */,
				4964C8FE25237A620093DAE0 /* IAPViewController.swift */,
				4964C8FB252379920093DAE0 /* PaymentTransactionDetails.swift */,
				4964C8F5252378E70093DAE0 /* Products.swift */,
				4964C8F8252379260093DAE0 /* Purchases.swift */,
				49DB48692520F985004B3747 /* StoreManager.swift */,
				4964C8EC252372FC0093DAE0 /* StoreObserver.swift */,
				498B77BB25291CB5002B5B4F /* IAPValidation.swift */,
			);
			path = IAP;
			sourceTree = "<group>";
		};
		4964C91125238FA10093DAE0 /* CustomCells */ = {
			isa = PBXGroup;
			children = (
				49C8690424F44D66005D0C4D /* GoalCell.swift */,
				49026F9A24DB4FBF00724369 /* ProgressCell.swift */,
				49F1B1EB24FB34BA006D6887 /* CalendarCell.swift */,
				491A6621250997B200B659CB /* UserCell.swift */,
				4985496C251D9EF70096444D /* MoreCollectionViewCell.swift */,
				49AF2085251EF7DE001EA1DD /* FAQTableViewCell.swift */,
				496991292527C31400DC86F7 /* PriceCell.swift */,
			);
			path = CustomCells;
			sourceTree = "<group>";
		};
		4969912C2528186300DC86F7 /* Dashboard */ = {
			isa = PBXGroup;
			children = (
				4996BD4824D485C900E301B4 /* ViewController.swift */,
				49F1B1E924FB21B8006D6887 /* CalendarDetailTableViewController.swift */,
			);
			path = Dashboard;
			sourceTree = "<group>";
		};
		4969912D2528187B00DC86F7 /* Goals */ = {
			isa = PBXGroup;
			children = (
				4996BD5B24D48B0700E301B4 /* GoalsTableViewController.swift */,
				491F5A7B24E458FA0075EDCD /* DetailTableViewController.swift */,
				499E8B2E24F0CC1700C829C8 /* EditViewController.swift */,
				49795B7524DC864000D27111 /* EntryViewController.swift */,
				4906B77424F2FEA700417574 /* EditEntryViewController.swift */,
			);
			path = Goals;
			sourceTree = "<group>";
		};
		4969912F252818C600DC86F7 /* New Entry */ = {
			isa = PBXGroup;
			children = (
				497DC78324EA15A800446178 /* NewViewController.swift */,
				494F0C2924D70BAC00C5450C /* ExistingGoalsMenuTableViewController.swift */,
			);
			path = "New Entry";
			sourceTree = "<group>";
		};
		49699130252818DC00DC86F7 /* More */ = {
			isa = PBXGroup;
			children = (
				49854969251D9BF10096444D /* MoreCollectionViewController.swift */,
				49AF2078251EBB25001EA1DD /* SubscriptionViewController.swift */,
				49AF207B251EBBA4001EA1DD /* FAQViewController.swift */,
				49AF207E251EBBF2001EA1DD /* FeedbackViewController.swift */,
			);
			path = More;
			sourceTree = "<group>";
		};
		49699131252818EA00DC86F7 /* Map */ = {
			isa = PBXGroup;
			children = (
				49C70D6C25016BF1000BC383 /* MapViewController.swift */,
				49C70D6825016923000BC383 /* MyAnnotation.swift */,
				49C70D7025018D12000BC383 /* MyAnnotationView.swift */,
				49C70D722501940D000BC383 /* LocationSearchViewController.swift */,
			);
			path = Map;
			sourceTree = "<group>";
		};
		49699133252818FA00DC86F7 /* Public Feed */ = {
			isa = PBXGroup;
			children = (
				491A661F2509947300B659CB /* UsersViewController.swift */,
				49FD8FFE250EF7B100B60360 /* UserDetailViewController.swift */,
				49F8B0B8252BD81600C37BCF /* UserProfileViewController.swift */,
				496D240D252BEA3200D404CB /* HistoryTableViewController.swift */,
			);
			path = "Public Feed";
			sourceTree = "<group>";
		};
		496991352528193B00DC86F7 /* Pie Chart */ = {
			isa = PBXGroup;
			children = (
				498AC32824FD524C003FDBF2 /* PieChartViewController.swift */,
				4964C90925237B870093DAE0 /* BaseViewController.swift */,
				49DE68A524F71838009C886C /* ChartXAxisFormatter.swift */,
				496149CB25007DAE00C5A23B /* BarChartAxisFormatter.swift */,
			);
			path = "Pie Chart";
			sourceTree = "<group>";
		};
		4996BD3824D485C900E301B4 = {
			isa = PBXGroup;
			children = (
				4996BD4324D485C900E301B4 /* Hundred */,
				4996BD4224D485C900E301B4 /* Products */,
				650606C2CD060E38037EE815 /* Pods */,
				0A8A307875B520E0F1F62103 /* Frameworks */,
			);
			sourceTree = "<group>";
		};
		4996BD4224D485C900E301B4 /* Products */ = {
			isa = PBXGroup;
			children = (
				4996BD4124D485C900E301B4 /* Hundred.app */,
			);
			name = Products;
			sourceTree = "<group>";
		};
		4996BD4324D485C900E301B4 /* Hundred */ = {
			isa = PBXGroup;
			children = (
				49854954251C01F80096444D /* Goal+CoreDataClass.swift */,
				49854955251C01F80096444D /* Goal+CoreDataProperties.swift */,
				49854956251C01F80096444D /* Progress+CoreDataClass.swift */,
				49854957251C01F80096444D /* Progress+CoreDataProperties.swift */,
				49854958251C01F80096444D /* Profile+CoreDataClass.swift */,
				49854959251C01F80096444D /* Profile+CoreDataProperties.swift */,
				4985495A251C01F80096444D /* Subscription+CoreDataClass.swift */,
				4985495B251C01F80096444D /* Subscription+CoreDataProperties.swift */,
				4985495C251C01F80096444D /* Metric+CoreDataClass.swift */,
				4985495D251C01F80096444D /* Metric+CoreDataProperties.swift */,
				49A0B96C2512D0D40032DA41 /* HundredDebug.entitlements */,
				49812F1B2503033700F2BBCB /* Hundred.entitlements */,
				4969912C2528186300DC86F7 /* Dashboard */,
				4969912D2528187B00DC86F7 /* Goals */,
				4969912F252818C600DC86F7 /* New Entry */,
				49699133252818FA00DC86F7 /* Public Feed */,
				49699130252818DC00DC86F7 /* More */,
				49699131252818EA00DC86F7 /* Map */,
				496991352528193B00DC86F7 /* Pie Chart */,
				4958D09B252526E800703A83 /* Profile */,
				4964C91125238FA10093DAE0 /* CustomCells */,
				4964C90C252388A70093DAE0 /* IAP */,
				49026F9024DB41EB00724369 /* Extensions-Utilities */,
				49026F9324DB4E2600724369 /* Supporting */,
				4996BD5524D485CB00E301B4 /* Info.plist */,
			);
			path = Hundred;
			sourceTree = "<group>";
		};
		650606C2CD060E38037EE815 /* Pods */ = {
			isa = PBXGroup;
			children = (
				A27ACB2AB86EC0276A9D5E1C /* Pods-Hundred.debug.xcconfig */,
				EF20E996A044CC08C66516E8 /* Pods-Hundred.release.xcconfig */,
			);
			path = Pods;
			sourceTree = "<group>";
		};
/* End PBXGroup section */

/* Begin PBXNativeTarget section */
		4996BD4024D485C900E301B4 /* Hundred */ = {
			isa = PBXNativeTarget;
			buildConfigurationList = 4996BD5824D485CB00E301B4 /* Build configuration list for PBXNativeTarget "Hundred" */;
			buildPhases = (
				73651353D9B02A455D3CEFE0 /* [CP] Check Pods Manifest.lock */,
				4996BD3D24D485C900E301B4 /* Sources */,
				4996BD3E24D485C900E301B4 /* Frameworks */,
				4996BD3F24D485C900E301B4 /* Resources */,
				FD859C14A4D3E607CA487F9B /* [CP] Embed Pods Frameworks */,
			);
			buildRules = (
			);
			dependencies = (
			);
			name = Hundred;
			productName = Hundred;
			productReference = 4996BD4124D485C900E301B4 /* Hundred.app */;
			productType = "com.apple.product-type.application";
		};
/* End PBXNativeTarget section */

/* Begin PBXProject section */
		4996BD3924D485C900E301B4 /* Project object */ = {
			isa = PBXProject;
			attributes = {
				LastSwiftUpdateCheck = 1150;
				LastUpgradeCheck = 1200;
				ORGANIZATIONNAME = J;
				TargetAttributes = {
					4996BD4024D485C900E301B4 = {
						CreatedOnToolsVersion = 11.5;
					};
				};
			};
			buildConfigurationList = 4996BD3C24D485C900E301B4 /* Build configuration list for PBXProject "Hundred" */;
			compatibilityVersion = "Xcode 9.3";
			developmentRegion = en;
			hasScannedForEncodings = 0;
			knownRegions = (
				en,
				Base,
			);
			mainGroup = 4996BD3824D485C900E301B4;
			productRefGroup = 4996BD4224D485C900E301B4 /* Products */;
			projectDirPath = "";
			projectRoot = "";
			targets = (
				4996BD4024D485C900E301B4 /* Hundred */,
			);
		};
/* End PBXProject section */

/* Begin PBXResourcesBuildPhase section */
		4996BD3F24D485C900E301B4 /* Resources */ = {
			isa = PBXResourcesBuildPhase;
			buildActionMask = 2147483647;
			files = (
				4996BD5424D485CB00E301B4 /* LaunchScreen.storyboard in Resources */,
				4996BD5124D485CB00E301B4 /* Assets.xcassets in Resources */,
				4996BD4C24D485C900E301B4 /* Main.storyboard in Resources */,
			);
			runOnlyForDeploymentPostprocessing = 0;
		};
/* End PBXResourcesBuildPhase section */

/* Begin PBXShellScriptBuildPhase section */
		73651353D9B02A455D3CEFE0 /* [CP] Check Pods Manifest.lock */ = {
			isa = PBXShellScriptBuildPhase;
			buildActionMask = 2147483647;
			files = (
			);
			inputFileListPaths = (
			);
			inputPaths = (
				"${PODS_PODFILE_DIR_PATH}/Podfile.lock",
				"${PODS_ROOT}/Manifest.lock",
			);
			name = "[CP] Check Pods Manifest.lock";
			outputFileListPaths = (
			);
			outputPaths = (
				"$(DERIVED_FILE_DIR)/Pods-Hundred-checkManifestLockResult.txt",
			);
			runOnlyForDeploymentPostprocessing = 0;
			shellPath = /bin/sh;
			shellScript = "diff \"${PODS_PODFILE_DIR_PATH}/Podfile.lock\" \"${PODS_ROOT}/Manifest.lock\" > /dev/null\nif [ $? != 0 ] ; then\n    # print error to STDERR\n    echo \"error: The sandbox is not in sync with the Podfile.lock. Run 'pod install' or update your CocoaPods installation.\" >&2\n    exit 1\nfi\n# This output is used by Xcode 'outputs' to avoid re-running this script phase.\necho \"SUCCESS\" > \"${SCRIPT_OUTPUT_FILE_0}\"\n";
			showEnvVarsInLog = 0;
		};
		FD859C14A4D3E607CA487F9B /* [CP] Embed Pods Frameworks */ = {
			isa = PBXShellScriptBuildPhase;
			buildActionMask = 2147483647;
			files = (
			);
			inputFileListPaths = (
				"${PODS_ROOT}/Target Support Files/Pods-Hundred/Pods-Hundred-frameworks-${CONFIGURATION}-input-files.xcfilelist",
			);
			name = "[CP] Embed Pods Frameworks";
			outputFileListPaths = (
				"${PODS_ROOT}/Target Support Files/Pods-Hundred/Pods-Hundred-frameworks-${CONFIGURATION}-output-files.xcfilelist",
			);
			runOnlyForDeploymentPostprocessing = 0;
			shellPath = /bin/sh;
			shellScript = "\"${PODS_ROOT}/Target Support Files/Pods-Hundred/Pods-Hundred-frameworks.sh\"\n";
			showEnvVarsInLog = 0;
		};
/* End PBXShellScriptBuildPhase section */

/* Begin PBXSourcesBuildPhase section */
		4996BD3D24D485C900E301B4 /* Sources */ = {
			isa = PBXSourcesBuildPhase;
			buildActionMask = 2147483647;
			files = (
				49026F9B24DB4FBF00724369 /* ProgressCell.swift in Sources */,
				49795B7624DC864000D27111 /* EntryViewController.swift in Sources */,
				49854965251C01F80096444D /* Subscription+CoreDataProperties.swift in Sources */,
				495F907A2526624D007ECBCA /* EditProfile.swift in Sources */,
				496D240E252BEA3200D404CB /* HistoryTableViewController.swift in Sources */,
				49F8B0B9252BD81600C37BCF /* UserProfileViewController.swift in Sources */,
				49E9631224FC8FA10041239B /* SpinnerViewController.swift in Sources */,
				49854962251C01F80096444D /* Profile+CoreDataClass.swift in Sources */,
				49C70D732501940D000BC383 /* LocationSearchViewController.swift in Sources */,
				49AF2079251EBB25001EA1DD /* SubscriptionViewController.swift in Sources */,
				49C70D7125018D12000BC383 /* MyAnnotationView.swift in Sources */,
				49C70D6D25016BF1000BC383 /* MapViewController.swift in Sources */,
				49854967251C01F80096444D /* Metric+CoreDataProperties.swift in Sources */,
				498B77BC25291CB5002B5B4F /* IAPValidation.swift in Sources */,
				491A6622250997B200B659CB /* UserCell.swift in Sources */,
				4996BD5C24D48B0700E301B4 /* GoalsTableViewController.swift in Sources */,
				4964C8FC252379920093DAE0 /* PaymentTransactionDetails.swift in Sources */,
				49854966251C01F80096444D /* Metric+CoreDataClass.swift in Sources */,
				4906B77524F2FEA700417574 /* EditEntryViewController.swift in Sources */,
				498AC32924FD524C003FDBF2 /* PieChartViewController.swift in Sources */,
				49AF207C251EBBA4001EA1DD /* FAQViewController.swift in Sources */,
				49FD8FFF250EF7B100B60360 /* UserDetailViewController.swift in Sources */,
				4964C8ED252372FC0093DAE0 /* StoreObserver.swift in Sources */,
				49854960251C01F80096444D /* Progress+CoreDataClass.swift in Sources */,
				4964C90E252388C90093DAE0 /* ParentViewController.swift in Sources */,
				49DB486A2520F985004B3747 /* StoreManager.swift in Sources */,
				499E8B2F24F0CC1700C829C8 /* EditViewController.swift in Sources */,
				49F1B1EC24FB34BA006D6887 /* CalendarCell.swift in Sources */,
				49854961251C01F80096444D /* Progress+CoreDataProperties.swift in Sources */,
				4964C90225237B040093DAE0 /* AppExtensions.swift in Sources */,
				49854963251C01F80096444D /* Profile+CoreDataProperties.swift in Sources */,
				49F1B1EA24FB21B8006D6887 /* CalendarDetailTableViewController.swift in Sources */,
				49C70D6925016923000BC383 /* MyAnnotation.swift in Sources */,
				4996BD4924D485C900E301B4 /* ViewController.swift in Sources */,
				4964C8F3252377380093DAE0 /* AppDataTypes.swift in Sources */,
				49026F9224DB423900724369 /* Constraints.swift in Sources */,
				494F0C2A24D70BAC00C5450C /* ExistingGoalsMenuTableViewController.swift in Sources */,
				4985496A251D9BF10096444D /* MoreCollectionViewController.swift in Sources */,
				4985495E251C01F80096444D /* Goal+CoreDataClass.swift in Sources */,
				4964C8F6252378E70093DAE0 /* Products.swift in Sources */,
				493FF0EF250AABA10085EB42 /* MetricCard.swift in Sources */,
				4996BD4524D485C900E301B4 /* AppDelegate.swift in Sources */,
				49854964251C01F80096444D /* Subscription+CoreDataClass.swift in Sources */,
				4926509124FF25AF001AA5A3 /* MainDataImporter.swift in Sources */,
				4958D0A02525275800703A83 /* CreateProfile.swift in Sources */,
				4964C8FF25237A620093DAE0 /* IAPViewController.swift in Sources */,
				4996BD4F24D485C900E301B4 /* Hundred.xcdatamodeld in Sources */,
				4964C8F02523758B0093DAE0 /* AppProtocols.swift in Sources */,
				4969912A2527C31400DC86F7 /* PriceCell.swift in Sources */,
				49C8690524F44D66005D0C4D /* GoalCell.swift in Sources */,
				496149CC25007DAF00C5A23B /* BarChartAxisFormatter.swift in Sources */,
				4964C90A25237B870093DAE0 /* BaseViewController.swift in Sources */,
				49AF2086251EF7DF001EA1DD /* FAQTableViewCell.swift in Sources */,
				491A66202509947300B659CB /* UsersViewController.swift in Sources */,
				491F5A7C24E458FA0075EDCD /* DetailTableViewController.swift in Sources */,
				497DC78424EA15A800446178 /* NewViewController.swift in Sources */,
				4985495F251C01F80096444D /* Goal+CoreDataProperties.swift in Sources */,
				49B328FE24E3269F00D9E8D4 /* DataImporter.swift in Sources */,
				4964C90625237B240093DAE0 /* Utilities.swift in Sources */,
				4958D0A3252527FE00703A83 /* ProfileBaseViewController.swift in Sources */,
				494F0C2C24D7246A00C5450C /* ManagedObjectContext.swift in Sources */,
				491165FF24FAE4A000B2963A /* Test.swift in Sources */,
				49DE68A624F71838009C886C /* ChartXAxisFormatter.swift in Sources */,
				4996BD4724D485C900E301B4 /* SceneDelegate.swift in Sources */,
				4958D09D2525274B00703A83 /* ShowProfile.swift in Sources */,
				49ED332825114BBF006FE080 /* ProfileViewController.swift in Sources */,
				49AF207F251EBBF2001EA1DD /* FeedbackViewController.swift in Sources */,
				4964C8F9252379260093DAE0 /* Purchases.swift in Sources */,
				49DB512C24ECAA6500857634 /* ButtonCreator.swift in Sources */,
				4985496D251D9EF70096444D /* MoreCollectionViewCell.swift in Sources */,
			);
			runOnlyForDeploymentPostprocessing = 0;
		};
/* End PBXSourcesBuildPhase section */

/* Begin PBXVariantGroup section */
		4996BD4A24D485C900E301B4 /* Main.storyboard */ = {
			isa = PBXVariantGroup;
			children = (
				4996BD4B24D485C900E301B4 /* Base */,
			);
			name = Main.storyboard;
			sourceTree = "<group>";
		};
		4996BD5224D485CB00E301B4 /* LaunchScreen.storyboard */ = {
			isa = PBXVariantGroup;
			children = (
				4996BD5324D485CB00E301B4 /* Base */,
			);
			name = LaunchScreen.storyboard;
			sourceTree = "<group>";
		};
/* End PBXVariantGroup section */

/* Begin XCBuildConfiguration section */
		4996BD5624D485CB00E301B4 /* Debug */ = {
			isa = XCBuildConfiguration;
			buildSettings = {
				ALWAYS_SEARCH_USER_PATHS = NO;
				CLANG_ANALYZER_NONNULL = YES;
				CLANG_ANALYZER_NUMBER_OBJECT_CONVERSION = YES_AGGRESSIVE;
				CLANG_CXX_LANGUAGE_STANDARD = "gnu++14";
				CLANG_CXX_LIBRARY = "libc++";
				CLANG_ENABLE_MODULES = YES;
				CLANG_ENABLE_OBJC_ARC = YES;
				CLANG_ENABLE_OBJC_WEAK = YES;
				CLANG_WARN_BLOCK_CAPTURE_AUTORELEASING = YES;
				CLANG_WARN_BOOL_CONVERSION = YES;
				CLANG_WARN_COMMA = YES;
				CLANG_WARN_CONSTANT_CONVERSION = YES;
				CLANG_WARN_DEPRECATED_OBJC_IMPLEMENTATIONS = YES;
				CLANG_WARN_DIRECT_OBJC_ISA_USAGE = YES_ERROR;
				CLANG_WARN_DOCUMENTATION_COMMENTS = YES;
				CLANG_WARN_EMPTY_BODY = YES;
				CLANG_WARN_ENUM_CONVERSION = YES;
				CLANG_WARN_INFINITE_RECURSION = YES;
				CLANG_WARN_INT_CONVERSION = YES;
				CLANG_WARN_NON_LITERAL_NULL_CONVERSION = YES;
				CLANG_WARN_OBJC_IMPLICIT_RETAIN_SELF = YES;
				CLANG_WARN_OBJC_LITERAL_CONVERSION = YES;
				CLANG_WARN_OBJC_ROOT_CLASS = YES_ERROR;
				CLANG_WARN_QUOTED_INCLUDE_IN_FRAMEWORK_HEADER = YES;
				CLANG_WARN_RANGE_LOOP_ANALYSIS = YES;
				CLANG_WARN_STRICT_PROTOTYPES = YES;
				CLANG_WARN_SUSPICIOUS_MOVE = YES;
				CLANG_WARN_UNGUARDED_AVAILABILITY = YES_AGGRESSIVE;
				CLANG_WARN_UNREACHABLE_CODE = YES;
				CLANG_WARN__DUPLICATE_METHOD_MATCH = YES;
				COPY_PHASE_STRIP = NO;
				DEBUG_INFORMATION_FORMAT = dwarf;
				ENABLE_STRICT_OBJC_MSGSEND = YES;
				ENABLE_TESTABILITY = YES;
				GCC_C_LANGUAGE_STANDARD = gnu11;
				GCC_DYNAMIC_NO_PIC = NO;
				GCC_NO_COMMON_BLOCKS = YES;
				GCC_OPTIMIZATION_LEVEL = 0;
				GCC_PREPROCESSOR_DEFINITIONS = (
					"DEBUG=1",
					"$(inherited)",
				);
				GCC_WARN_64_TO_32_BIT_CONVERSION = YES;
				GCC_WARN_ABOUT_RETURN_TYPE = YES_ERROR;
				GCC_WARN_UNDECLARED_SELECTOR = YES;
				GCC_WARN_UNINITIALIZED_AUTOS = YES_AGGRESSIVE;
				GCC_WARN_UNUSED_FUNCTION = YES;
				GCC_WARN_UNUSED_VARIABLE = YES;
				IPHONEOS_DEPLOYMENT_TARGET = 13.0;
				MTL_ENABLE_DEBUG_INFO = INCLUDE_SOURCE;
				MTL_FAST_MATH = YES;
				ONLY_ACTIVE_ARCH = YES;
				SDKROOT = iphoneos;
				SWIFT_ACTIVE_COMPILATION_CONDITIONS = DEBUG;
				SWIFT_OPTIMIZATION_LEVEL = "-Onone";
			};
			name = Debug;
		};
		4996BD5724D485CB00E301B4 /* Release */ = {
			isa = XCBuildConfiguration;
			buildSettings = {
				ALWAYS_SEARCH_USER_PATHS = NO;
				CLANG_ANALYZER_NONNULL = YES;
				CLANG_ANALYZER_NUMBER_OBJECT_CONVERSION = YES_AGGRESSIVE;
				CLANG_CXX_LANGUAGE_STANDARD = "gnu++14";
				CLANG_CXX_LIBRARY = "libc++";
				CLANG_ENABLE_MODULES = YES;
				CLANG_ENABLE_OBJC_ARC = YES;
				CLANG_ENABLE_OBJC_WEAK = YES;
				CLANG_WARN_BLOCK_CAPTURE_AUTORELEASING = YES;
				CLANG_WARN_BOOL_CONVERSION = YES;
				CLANG_WARN_COMMA = YES;
				CLANG_WARN_CONSTANT_CONVERSION = YES;
				CLANG_WARN_DEPRECATED_OBJC_IMPLEMENTATIONS = YES;
				CLANG_WARN_DIRECT_OBJC_ISA_USAGE = YES_ERROR;
				CLANG_WARN_DOCUMENTATION_COMMENTS = YES;
				CLANG_WARN_EMPTY_BODY = YES;
				CLANG_WARN_ENUM_CONVERSION = YES;
				CLANG_WARN_INFINITE_RECURSION = YES;
				CLANG_WARN_INT_CONVERSION = YES;
				CLANG_WARN_NON_LITERAL_NULL_CONVERSION = YES;
				CLANG_WARN_OBJC_IMPLICIT_RETAIN_SELF = YES;
				CLANG_WARN_OBJC_LITERAL_CONVERSION = YES;
				CLANG_WARN_OBJC_ROOT_CLASS = YES_ERROR;
				CLANG_WARN_QUOTED_INCLUDE_IN_FRAMEWORK_HEADER = YES;
				CLANG_WARN_RANGE_LOOP_ANALYSIS = YES;
				CLANG_WARN_STRICT_PROTOTYPES = YES;
				CLANG_WARN_SUSPICIOUS_MOVE = YES;
				CLANG_WARN_UNGUARDED_AVAILABILITY = YES_AGGRESSIVE;
				CLANG_WARN_UNREACHABLE_CODE = YES;
				CLANG_WARN__DUPLICATE_METHOD_MATCH = YES;
				COPY_PHASE_STRIP = NO;
				DEBUG_INFORMATION_FORMAT = "dwarf-with-dsym";
				ENABLE_NS_ASSERTIONS = NO;
				ENABLE_STRICT_OBJC_MSGSEND = YES;
				GCC_C_LANGUAGE_STANDARD = gnu11;
				GCC_NO_COMMON_BLOCKS = YES;
				GCC_WARN_64_TO_32_BIT_CONVERSION = YES;
				GCC_WARN_ABOUT_RETURN_TYPE = YES_ERROR;
				GCC_WARN_UNDECLARED_SELECTOR = YES;
				GCC_WARN_UNINITIALIZED_AUTOS = YES_AGGRESSIVE;
				GCC_WARN_UNUSED_FUNCTION = YES;
				GCC_WARN_UNUSED_VARIABLE = YES;
				IPHONEOS_DEPLOYMENT_TARGET = 13.0;
				MTL_ENABLE_DEBUG_INFO = NO;
				MTL_FAST_MATH = YES;
				SDKROOT = iphoneos;
				SWIFT_COMPILATION_MODE = wholemodule;
				SWIFT_OPTIMIZATION_LEVEL = "-O";
				VALIDATE_PRODUCT = YES;
			};
			name = Release;
		};
		4996BD5924D485CB00E301B4 /* Debug */ = {
			isa = XCBuildConfiguration;
			baseConfigurationReference = A27ACB2AB86EC0276A9D5E1C /* Pods-Hundred.debug.xcconfig */;
			buildSettings = {
				ASSETCATALOG_COMPILER_APPICON_NAME = AppIcon;
				CODE_SIGN_ENTITLEMENTS = Hundred/HundredDebug.entitlements;
				CODE_SIGN_STYLE = Automatic;
				DEVELOPMENT_TEAM = 2RH2V33K5A;
				INFOPLIST_FILE = Hundred/Info.plist;
				IPHONEOS_DEPLOYMENT_TARGET = 13.0;
				LD_RUNPATH_SEARCH_PATHS = (
					"$(inherited)",
					"@executable_path/Frameworks",
				);
				PRODUCT_BUNDLE_IDENTIFIER = com.noName.Hundred;
				PRODUCT_NAME = "$(TARGET_NAME)";
				SWIFT_VERSION = 5.0;
				TARGETED_DEVICE_FAMILY = "1,2";
			};
			name = Debug;
		};
		4996BD5A24D485CB00E301B4 /* Release */ = {
			isa = XCBuildConfiguration;
			baseConfigurationReference = EF20E996A044CC08C66516E8 /* Pods-Hundred.release.xcconfig */;
			buildSettings = {
				ASSETCATALOG_COMPILER_APPICON_NAME = AppIcon;
				CODE_SIGN_ENTITLEMENTS = Hundred/Hundred.entitlements;
				CODE_SIGN_STYLE = Automatic;
				DEVELOPMENT_TEAM = 2RH2V33K5A;
				INFOPLIST_FILE = Hundred/Info.plist;
				IPHONEOS_DEPLOYMENT_TARGET = 13.0;
				LD_RUNPATH_SEARCH_PATHS = (
					"$(inherited)",
					"@executable_path/Frameworks",
				);
				PRODUCT_BUNDLE_IDENTIFIER = com.noName.Hundred;
				PRODUCT_NAME = "$(TARGET_NAME)";
				SWIFT_VERSION = 5.0;
				TARGETED_DEVICE_FAMILY = "1,2";
			};
			name = Release;
		};
/* End XCBuildConfiguration section */

/* Begin XCConfigurationList section */
		4996BD3C24D485C900E301B4 /* Build configuration list for PBXProject "Hundred" */ = {
			isa = XCConfigurationList;
			buildConfigurations = (
				4996BD5624D485CB00E301B4 /* Debug */,
				4996BD5724D485CB00E301B4 /* Release */,
			);
			defaultConfigurationIsVisible = 0;
			defaultConfigurationName = Release;
		};
		4996BD5824D485CB00E301B4 /* Build configuration list for PBXNativeTarget "Hundred" */ = {
			isa = XCConfigurationList;
			buildConfigurations = (
				4996BD5924D485CB00E301B4 /* Debug */,
				4996BD5A24D485CB00E301B4 /* Release */,
			);
			defaultConfigurationIsVisible = 0;
			defaultConfigurationName = Release;
		};
/* End XCConfigurationList section */

/* Begin XCVersionGroup section */
		4996BD4D24D485C900E301B4 /* Hundred.xcdatamodeld */ = {
			isa = XCVersionGroup;
			children = (
				4996BD4E24D485C900E301B4 /* Hundred.xcdatamodel */,
			);
			currentVersion = 4996BD4E24D485C900E301B4 /* Hundred.xcdatamodel */;
			path = Hundred.xcdatamodeld;
			sourceTree = "<group>";
			versionGroupType = wrapper.xcdatamodel;
		};
/* End XCVersionGroup section */
	};
	rootObject = 4996BD3924D485C900E301B4 /* Project object */;
}
