// !$*UTF8*$!
{
	archiveVersion = 1;
	classes = {
	};
	objectVersion = 51;
	objects = {

/* Begin PBXBuildFile section */
		49026F9224DB423900724369 /* Constraints.swift in Sources */ = {isa = PBXBuildFile; fileRef = 49026F9124DB423900724369 /* Constraints.swift */; };
		49026F9B24DB4FBF00724369 /* ProgressCell.swift in Sources */ = {isa = PBXBuildFile; fileRef = 49026F9A24DB4FBF00724369 /* ProgressCell.swift */; };
		4906B77524F2FEA700417574 /* EditEntryViewController.swift in Sources */ = {isa = PBXBuildFile; fileRef = 4906B77424F2FEA700417574 /* EditEntryViewController.swift */; };
		491165FF24FAE4A000B2963A /* Test.swift in Sources */ = {isa = PBXBuildFile; fileRef = 491165FE24FAE4A000B2963A /* Test.swift */; };
		491A66202509947300B659CB /* UsersViewController.swift in Sources */ = {isa = PBXBuildFile; fileRef = 491A661F2509947300B659CB /* UsersViewController.swift */; };
		491A6622250997B200B659CB /* UserCell.swift in Sources */ = {isa = PBXBuildFile; fileRef = 491A6621250997B200B659CB /* UserCell.swift */; };
		491F5A7C24E458FA0075EDCD /* DetailTableViewController.swift in Sources */ = {isa = PBXBuildFile; fileRef = 491F5A7B24E458FA0075EDCD /* DetailTableViewController.swift */; };
		4926509124FF25AF001AA5A3 /* MainDataImporter.swift in Sources */ = {isa = PBXBuildFile; fileRef = 4926509024FF25AF001AA5A3 /* MainDataImporter.swift */; };
		494F0C2A24D70BAC00C5450C /* ExistingGoalsMenuTableViewController.swift in Sources */ = {isa = PBXBuildFile; fileRef = 494F0C2924D70BAC00C5450C /* ExistingGoalsMenuTableViewController.swift */; };
		494F0C2C24D7246A00C5450C /* ManagedObjectContext.swift in Sources */ = {isa = PBXBuildFile; fileRef = 494F0C2B24D7246A00C5450C /* ManagedObjectContext.swift */; };
		496149CC25007DAF00C5A23B /* BarChartAxisFormatter.swift in Sources */ = {isa = PBXBuildFile; fileRef = 496149CB25007DAE00C5A23B /* BarChartAxisFormatter.swift */; };
		49795B7624DC864000D27111 /* EntryViewController.swift in Sources */ = {isa = PBXBuildFile; fileRef = 49795B7524DC864000D27111 /* EntryViewController.swift */; };
		497DC78424EA15A800446178 /* NewViewController.swift in Sources */ = {isa = PBXBuildFile; fileRef = 497DC78324EA15A800446178 /* NewViewController.swift */; };
		49812F1D2503042900F2BBCB /* CloudKit.framework in Frameworks */ = {isa = PBXBuildFile; fileRef = 49812F1C2503042900F2BBCB /* CloudKit.framework */; };
		498AC32724FD520D003FDBF2 /* BaseViewController.swift in Sources */ = {isa = PBXBuildFile; fileRef = 498AC32624FD520D003FDBF2 /* BaseViewController.swift */; };
		498AC32924FD524C003FDBF2 /* PieChartViewController.swift in Sources */ = {isa = PBXBuildFile; fileRef = 498AC32824FD524C003FDBF2 /* PieChartViewController.swift */; };
		4996BD4524D485C900E301B4 /* AppDelegate.swift in Sources */ = {isa = PBXBuildFile; fileRef = 4996BD4424D485C900E301B4 /* AppDelegate.swift */; };
		4996BD4724D485C900E301B4 /* SceneDelegate.swift in Sources */ = {isa = PBXBuildFile; fileRef = 4996BD4624D485C900E301B4 /* SceneDelegate.swift */; };
		4996BD4924D485C900E301B4 /* ViewController.swift in Sources */ = {isa = PBXBuildFile; fileRef = 4996BD4824D485C900E301B4 /* ViewController.swift */; };
		4996BD4C24D485C900E301B4 /* Main.storyboard in Resources */ = {isa = PBXBuildFile; fileRef = 4996BD4A24D485C900E301B4 /* Main.storyboard */; };
		4996BD4F24D485C900E301B4 /* Hundred.xcdatamodeld in Sources */ = {isa = PBXBuildFile; fileRef = 4996BD4D24D485C900E301B4 /* Hundred.xcdatamodeld */; };
		4996BD5124D485CB00E301B4 /* Assets.xcassets in Resources */ = {isa = PBXBuildFile; fileRef = 4996BD5024D485CB00E301B4 /* Assets.xcassets */; };
		4996BD5424D485CB00E301B4 /* LaunchScreen.storyboard in Resources */ = {isa = PBXBuildFile; fileRef = 4996BD5224D485CB00E301B4 /* LaunchScreen.storyboard */; };
		4996BD5C24D48B0700E301B4 /* GoalsTableViewController.swift in Sources */ = {isa = PBXBuildFile; fileRef = 4996BD5B24D48B0700E301B4 /* GoalsTableViewController.swift */; };
		4996BD5E24D4910600E301B4 /* AddGoalViewController.swift in Sources */ = {isa = PBXBuildFile; fileRef = 4996BD5D24D4910600E301B4 /* AddGoalViewController.swift */; };
		499E8B2F24F0CC1700C829C8 /* EditViewController.swift in Sources */ = {isa = PBXBuildFile; fileRef = 499E8B2E24F0CC1700C829C8 /* EditViewController.swift */; };
		49B328FE24E3269F00D9E8D4 /* DataImporter.swift in Sources */ = {isa = PBXBuildFile; fileRef = 49B328FD24E3269F00D9E8D4 /* DataImporter.swift */; };
		49C70D6925016923000BC383 /* MyAnnotation.swift in Sources */ = {isa = PBXBuildFile; fileRef = 49C70D6825016923000BC383 /* MyAnnotation.swift */; };
		49C70D6B25016B02000BC383 /* MapKit.framework in Frameworks */ = {isa = PBXBuildFile; fileRef = 49C70D6A25016B02000BC383 /* MapKit.framework */; };
		49C70D6D25016BF1000BC383 /* MapViewController.swift in Sources */ = {isa = PBXBuildFile; fileRef = 49C70D6C25016BF1000BC383 /* MapViewController.swift */; };
		49C70D7125018D12000BC383 /* MyAnnotationView.swift in Sources */ = {isa = PBXBuildFile; fileRef = 49C70D7025018D12000BC383 /* MyAnnotationView.swift */; };
		49C70D732501940D000BC383 /* LocationSearchViewController.swift in Sources */ = {isa = PBXBuildFile; fileRef = 49C70D722501940D000BC383 /* LocationSearchViewController.swift */; };
		49C70D8A2501E018000BC383 /* Goal+CoreDataClass.swift in Sources */ = {isa = PBXBuildFile; fileRef = 49C70D842501E018000BC383 /* Goal+CoreDataClass.swift */; };
		49C70D8B2501E018000BC383 /* Goal+CoreDataProperties.swift in Sources */ = {isa = PBXBuildFile; fileRef = 49C70D852501E018000BC383 /* Goal+CoreDataProperties.swift */; };
		49C70D8C2501E018000BC383 /* Metric+CoreDataClass.swift in Sources */ = {isa = PBXBuildFile; fileRef = 49C70D862501E018000BC383 /* Metric+CoreDataClass.swift */; };
		49C70D8D2501E018000BC383 /* Metric+CoreDataProperties.swift in Sources */ = {isa = PBXBuildFile; fileRef = 49C70D872501E018000BC383 /* Metric+CoreDataProperties.swift */; };
		49C70D8E2501E018000BC383 /* Progress+CoreDataClass.swift in Sources */ = {isa = PBXBuildFile; fileRef = 49C70D882501E018000BC383 /* Progress+CoreDataClass.swift */; };
		49C70D8F2501E018000BC383 /* Progress+CoreDataProperties.swift in Sources */ = {isa = PBXBuildFile; fileRef = 49C70D892501E018000BC383 /* Progress+CoreDataProperties.swift */; };
		49C8690524F44D66005D0C4D /* GoalCell.swift in Sources */ = {isa = PBXBuildFile; fileRef = 49C8690424F44D66005D0C4D /* GoalCell.swift */; };
		49DB512A24EC453B00857634 /* Extensions-Style.swift in Sources */ = {isa = PBXBuildFile; fileRef = 49DB512924EC453B00857634 /* Extensions-Style.swift */; };
		49DB512C24ECAA6500857634 /* ButtonCreator.swift in Sources */ = {isa = PBXBuildFile; fileRef = 49DB512B24ECAA6500857634 /* ButtonCreator.swift */; };
		49DE68A624F71838009C886C /* ChartXAxisFormatter.swift in Sources */ = {isa = PBXBuildFile; fileRef = 49DE68A524F71838009C886C /* ChartXAxisFormatter.swift */; };
		49E9631224FC8FA10041239B /* SpinnerViewController.swift in Sources */ = {isa = PBXBuildFile; fileRef = 49E9631124FC8FA10041239B /* SpinnerViewController.swift */; };
		49F1B1EA24FB21B8006D6887 /* CalendarDetailTableViewController.swift in Sources */ = {isa = PBXBuildFile; fileRef = 49F1B1E924FB21B8006D6887 /* CalendarDetailTableViewController.swift */; };
		49F1B1EC24FB34BA006D6887 /* CalendarCell.swift in Sources */ = {isa = PBXBuildFile; fileRef = 49F1B1EB24FB34BA006D6887 /* CalendarCell.swift */; };
		959BBA5D7FE2D6CC34668FE7 /* Pods_Hundred.framework in Frameworks */ = {isa = PBXBuildFile; fileRef = E151965057E79A8338541A10 /* Pods_Hundred.framework */; };
/* End PBXBuildFile section */

/* Begin PBXFileReference section */
		49026F9124DB423900724369 /* Constraints.swift */ = {isa = PBXFileReference; lastKnownFileType = sourcecode.swift; path = Constraints.swift; sourceTree = "<group>"; };
		49026F9A24DB4FBF00724369 /* ProgressCell.swift */ = {isa = PBXFileReference; lastKnownFileType = sourcecode.swift; path = ProgressCell.swift; sourceTree = "<group>"; };
		4906B77424F2FEA700417574 /* EditEntryViewController.swift */ = {isa = PBXFileReference; lastKnownFileType = sourcecode.swift; path = EditEntryViewController.swift; sourceTree = "<group>"; };
		491165FE24FAE4A000B2963A /* Test.swift */ = {isa = PBXFileReference; lastKnownFileType = sourcecode.swift; path = Test.swift; sourceTree = "<group>"; };
		491A661F2509947300B659CB /* UsersViewController.swift */ = {isa = PBXFileReference; lastKnownFileType = sourcecode.swift; path = UsersViewController.swift; sourceTree = "<group>"; };
		491A6621250997B200B659CB /* UserCell.swift */ = {isa = PBXFileReference; lastKnownFileType = sourcecode.swift; path = UserCell.swift; sourceTree = "<group>"; };
		491F5A7B24E458FA0075EDCD /* DetailTableViewController.swift */ = {isa = PBXFileReference; lastKnownFileType = sourcecode.swift; path = DetailTableViewController.swift; sourceTree = "<group>"; };
		4926509024FF25AF001AA5A3 /* MainDataImporter.swift */ = {isa = PBXFileReference; lastKnownFileType = sourcecode.swift; path = MainDataImporter.swift; sourceTree = "<group>"; };
		494F0C2924D70BAC00C5450C /* ExistingGoalsMenuTableViewController.swift */ = {isa = PBXFileReference; lastKnownFileType = sourcecode.swift; path = ExistingGoalsMenuTableViewController.swift; sourceTree = "<group>"; };
		494F0C2B24D7246A00C5450C /* ManagedObjectContext.swift */ = {isa = PBXFileReference; lastKnownFileType = sourcecode.swift; path = ManagedObjectContext.swift; sourceTree = "<group>"; };
		496149CB25007DAE00C5A23B /* BarChartAxisFormatter.swift */ = {isa = PBXFileReference; lastKnownFileType = sourcecode.swift; path = BarChartAxisFormatter.swift; sourceTree = "<group>"; };
		49795B7524DC864000D27111 /* EntryViewController.swift */ = {isa = PBXFileReference; lastKnownFileType = sourcecode.swift; path = EntryViewController.swift; sourceTree = "<group>"; };
		497DC78324EA15A800446178 /* NewViewController.swift */ = {isa = PBXFileReference; lastKnownFileType = sourcecode.swift; path = NewViewController.swift; sourceTree = "<group>"; };
		49812F1B2503033700F2BBCB /* Hundred.entitlements */ = {isa = PBXFileReference; lastKnownFileType = text.plist.entitlements; path = Hundred.entitlements; sourceTree = "<group>"; };
		49812F1C2503042900F2BBCB /* CloudKit.framework */ = {isa = PBXFileReference; lastKnownFileType = wrapper.framework; name = CloudKit.framework; path = System/Library/Frameworks/CloudKit.framework; sourceTree = SDKROOT; };
		498AC32624FD520D003FDBF2 /* BaseViewController.swift */ = {isa = PBXFileReference; lastKnownFileType = sourcecode.swift; path = BaseViewController.swift; sourceTree = "<group>"; };
		498AC32824FD524C003FDBF2 /* PieChartViewController.swift */ = {isa = PBXFileReference; lastKnownFileType = sourcecode.swift; path = PieChartViewController.swift; sourceTree = "<group>"; };
		4996BD4124D485C900E301B4 /* Hundred.app */ = {isa = PBXFileReference; explicitFileType = wrapper.application; includeInIndex = 0; path = Hundred.app; sourceTree = BUILT_PRODUCTS_DIR; };
		4996BD4424D485C900E301B4 /* AppDelegate.swift */ = {isa = PBXFileReference; lastKnownFileType = sourcecode.swift; path = AppDelegate.swift; sourceTree = "<group>"; };
		4996BD4624D485C900E301B4 /* SceneDelegate.swift */ = {isa = PBXFileReference; lastKnownFileType = sourcecode.swift; path = SceneDelegate.swift; sourceTree = "<group>"; };
		4996BD4824D485C900E301B4 /* ViewController.swift */ = {isa = PBXFileReference; lastKnownFileType = sourcecode.swift; path = ViewController.swift; sourceTree = "<group>"; };
		4996BD4B24D485C900E301B4 /* Base */ = {isa = PBXFileReference; lastKnownFileType = file.storyboard; name = Base; path = Base.lproj/Main.storyboard; sourceTree = "<group>"; };
		4996BD4E24D485C900E301B4 /* Hundred.xcdatamodel */ = {isa = PBXFileReference; lastKnownFileType = wrapper.xcdatamodel; path = Hundred.xcdatamodel; sourceTree = "<group>"; };
		4996BD5024D485CB00E301B4 /* Assets.xcassets */ = {isa = PBXFileReference; lastKnownFileType = folder.assetcatalog; path = Assets.xcassets; sourceTree = "<group>"; };
		4996BD5324D485CB00E301B4 /* Base */ = {isa = PBXFileReference; lastKnownFileType = file.storyboard; name = Base; path = Base.lproj/LaunchScreen.storyboard; sourceTree = "<group>"; };
		4996BD5524D485CB00E301B4 /* Info.plist */ = {isa = PBXFileReference; lastKnownFileType = text.plist.xml; path = Info.plist; sourceTree = "<group>"; };
		4996BD5B24D48B0700E301B4 /* GoalsTableViewController.swift */ = {isa = PBXFileReference; lastKnownFileType = sourcecode.swift; path = GoalsTableViewController.swift; sourceTree = "<group>"; };
		4996BD5D24D4910600E301B4 /* AddGoalViewController.swift */ = {isa = PBXFileReference; lastKnownFileType = sourcecode.swift; path = AddGoalViewController.swift; sourceTree = "<group>"; };
		499E8B2E24F0CC1700C829C8 /* EditViewController.swift */ = {isa = PBXFileReference; lastKnownFileType = sourcecode.swift; path = EditViewController.swift; sourceTree = "<group>"; };
		49B328FD24E3269F00D9E8D4 /* DataImporter.swift */ = {isa = PBXFileReference; lastKnownFileType = sourcecode.swift; path = DataImporter.swift; sourceTree = "<group>"; };
		49C70D6825016923000BC383 /* MyAnnotation.swift */ = {isa = PBXFileReference; lastKnownFileType = sourcecode.swift; path = MyAnnotation.swift; sourceTree = "<group>"; };
		49C70D6A25016B02000BC383 /* MapKit.framework */ = {isa = PBXFileReference; lastKnownFileType = wrapper.framework; name = MapKit.framework; path = System/Library/Frameworks/MapKit.framework; sourceTree = SDKROOT; };
		49C70D6C25016BF1000BC383 /* MapViewController.swift */ = {isa = PBXFileReference; lastKnownFileType = sourcecode.swift; path = MapViewController.swift; sourceTree = "<group>"; };
		49C70D7025018D12000BC383 /* MyAnnotationView.swift */ = {isa = PBXFileReference; lastKnownFileType = sourcecode.swift; path = MyAnnotationView.swift; sourceTree = "<group>"; };
		49C70D722501940D000BC383 /* LocationSearchViewController.swift */ = {isa = PBXFileReference; lastKnownFileType = sourcecode.swift; path = LocationSearchViewController.swift; sourceTree = "<group>"; };
		49C70D842501E018000BC383 /* Goal+CoreDataClass.swift */ = {isa = PBXFileReference; lastKnownFileType = sourcecode.swift; path = "Goal+CoreDataClass.swift"; sourceTree = SOURCE_ROOT; };
		49C70D852501E018000BC383 /* Goal+CoreDataProperties.swift */ = {isa = PBXFileReference; lastKnownFileType = sourcecode.swift; path = "Goal+CoreDataProperties.swift"; sourceTree = SOURCE_ROOT; };
		49C70D862501E018000BC383 /* Metric+CoreDataClass.swift */ = {isa = PBXFileReference; lastKnownFileType = sourcecode.swift; path = "Metric+CoreDataClass.swift"; sourceTree = SOURCE_ROOT; };
		49C70D872501E018000BC383 /* Metric+CoreDataProperties.swift */ = {isa = PBXFileReference; lastKnownFileType = sourcecode.swift; path = "Metric+CoreDataProperties.swift"; sourceTree = SOURCE_ROOT; };
		49C70D882501E018000BC383 /* Progress+CoreDataClass.swift */ = {isa = PBXFileReference; lastKnownFileType = sourcecode.swift; path = "Progress+CoreDataClass.swift"; sourceTree = SOURCE_ROOT; };
		49C70D892501E018000BC383 /* Progress+CoreDataProperties.swift */ = {isa = PBXFileReference; lastKnownFileType = sourcecode.swift; path = "Progress+CoreDataProperties.swift"; sourceTree = SOURCE_ROOT; };
		49C8690424F44D66005D0C4D /* GoalCell.swift */ = {isa = PBXFileReference; lastKnownFileType = sourcecode.swift; path = GoalCell.swift; sourceTree = "<group>"; };
		49DB512924EC453B00857634 /* Extensions-Style.swift */ = {isa = PBXFileReference; lastKnownFileType = sourcecode.swift; path = "Extensions-Style.swift"; sourceTree = "<group>"; };
		49DB512B24ECAA6500857634 /* ButtonCreator.swift */ = {isa = PBXFileReference; lastKnownFileType = sourcecode.swift; path = ButtonCreator.swift; sourceTree = "<group>"; };
		49DE68A524F71838009C886C /* ChartXAxisFormatter.swift */ = {isa = PBXFileReference; lastKnownFileType = sourcecode.swift; path = ChartXAxisFormatter.swift; sourceTree = "<group>"; };
		49E9631124FC8FA10041239B /* SpinnerViewController.swift */ = {isa = PBXFileReference; lastKnownFileType = sourcecode.swift; path = SpinnerViewController.swift; sourceTree = "<group>"; };
		49F1B1E924FB21B8006D6887 /* CalendarDetailTableViewController.swift */ = {isa = PBXFileReference; lastKnownFileType = sourcecode.swift; path = CalendarDetailTableViewController.swift; sourceTree = "<group>"; };
		49F1B1EB24FB34BA006D6887 /* CalendarCell.swift */ = {isa = PBXFileReference; lastKnownFileType = sourcecode.swift; path = CalendarCell.swift; sourceTree = "<group>"; };
		A27ACB2AB86EC0276A9D5E1C /* Pods-Hundred.debug.xcconfig */ = {isa = PBXFileReference; includeInIndex = 1; lastKnownFileType = text.xcconfig; name = "Pods-Hundred.debug.xcconfig"; path = "Target Support Files/Pods-Hundred/Pods-Hundred.debug.xcconfig"; sourceTree = "<group>"; };
		E151965057E79A8338541A10 /* Pods_Hundred.framework */ = {isa = PBXFileReference; explicitFileType = wrapper.framework; includeInIndex = 0; path = Pods_Hundred.framework; sourceTree = BUILT_PRODUCTS_DIR; };
		EF20E996A044CC08C66516E8 /* Pods-Hundred.release.xcconfig */ = {isa = PBXFileReference; includeInIndex = 1; lastKnownFileType = text.xcconfig; name = "Pods-Hundred.release.xcconfig"; path = "Target Support Files/Pods-Hundred/Pods-Hundred.release.xcconfig"; sourceTree = "<group>"; };
/* End PBXFileReference section */

/* Begin PBXFrameworksBuildPhase section */
		4996BD3E24D485C900E301B4 /* Frameworks */ = {
			isa = PBXFrameworksBuildPhase;
			buildActionMask = 2147483647;
			files = (
				49812F1D2503042900F2BBCB /* CloudKit.framework in Frameworks */,
				49C70D6B25016B02000BC383 /* MapKit.framework in Frameworks */,
				959BBA5D7FE2D6CC34668FE7 /* Pods_Hundred.framework in Frameworks */,
			);
			runOnlyForDeploymentPostprocessing = 0;
		};
/* End PBXFrameworksBuildPhase section */

/* Begin PBXGroup section */
		0A8A307875B520E0F1F62103 /* Frameworks */ = {
			isa = PBXGroup;
			children = (
				49812F1C2503042900F2BBCB /* CloudKit.framework */,
				49C70D6A25016B02000BC383 /* MapKit.framework */,
				E151965057E79A8338541A10 /* Pods_Hundred.framework */,
			);
			name = Frameworks;
			sourceTree = "<group>";
		};
		49026F9024DB41EB00724369 /* Extensions-Utilities */ = {
			isa = PBXGroup;
			children = (
				49026F9124DB423900724369 /* Constraints.swift */,
				49DB512924EC453B00857634 /* Extensions-Style.swift */,
			);
			path = "Extensions-Utilities";
			sourceTree = "<group>";
		};
		49026F9324DB4E2600724369 /* Supporting */ = {
			isa = PBXGroup;
			children = (
				4996BD4424D485C900E301B4 /* AppDelegate.swift */,
				4996BD4624D485C900E301B4 /* SceneDelegate.swift */,
				4996BD5024D485CB00E301B4 /* Assets.xcassets */,
				4996BD4A24D485C900E301B4 /* Main.storyboard */,
				4996BD5224D485CB00E301B4 /* LaunchScreen.storyboard */,
				4996BD4D24D485C900E301B4 /* Hundred.xcdatamodeld */,
			);
			path = Supporting;
			sourceTree = "<group>";
		};
		4996BD3824D485C900E301B4 = {
			isa = PBXGroup;
			children = (
				4996BD4324D485C900E301B4 /* Hundred */,
				4996BD4224D485C900E301B4 /* Products */,
				650606C2CD060E38037EE815 /* Pods */,
				0A8A307875B520E0F1F62103 /* Frameworks */,
			);
			sourceTree = "<group>";
		};
		4996BD4224D485C900E301B4 /* Products */ = {
			isa = PBXGroup;
			children = (
				4996BD4124D485C900E301B4 /* Hundred.app */,
			);
			name = Products;
			sourceTree = "<group>";
		};
		4996BD4324D485C900E301B4 /* Hundred */ = {
			isa = PBXGroup;
			children = (
				49812F1B2503033700F2BBCB /* Hundred.entitlements */,
				49C70D842501E018000BC383 /* Goal+CoreDataClass.swift */,
				49C70D852501E018000BC383 /* Goal+CoreDataProperties.swift */,
				49C70D862501E018000BC383 /* Metric+CoreDataClass.swift */,
				49C70D872501E018000BC383 /* Metric+CoreDataProperties.swift */,
				49C70D882501E018000BC383 /* Progress+CoreDataClass.swift */,
				49C70D892501E018000BC383 /* Progress+CoreDataProperties.swift */,
				4996BD4824D485C900E301B4 /* ViewController.swift */,
				498AC32824FD524C003FDBF2 /* PieChartViewController.swift */,
				49F1B1E924FB21B8006D6887 /* CalendarDetailTableViewController.swift */,
				4996BD5D24D4910600E301B4 /* AddGoalViewController.swift */,
				491A661F2509947300B659CB /* UsersViewController.swift */,
				4996BD5B24D48B0700E301B4 /* GoalsTableViewController.swift */,
				491F5A7B24E458FA0075EDCD /* DetailTableViewController.swift */,
				497DC78324EA15A800446178 /* NewViewController.swift */,
				494F0C2924D70BAC00C5450C /* ExistingGoalsMenuTableViewController.swift */,
				49C70D6C25016BF1000BC383 /* MapViewController.swift */,
				49C70D722501940D000BC383 /* LocationSearchViewController.swift */,
				49795B7524DC864000D27111 /* EntryViewController.swift */,
				491165FE24FAE4A000B2963A /* Test.swift */,
				4906B77424F2FEA700417574 /* EditEntryViewController.swift */,
				499E8B2E24F0CC1700C829C8 /* EditViewController.swift */,
				498AC32624FD520D003FDBF2 /* BaseViewController.swift */,
				49E9631124FC8FA10041239B /* SpinnerViewController.swift */,
				494F0C2B24D7246A00C5450C /* ManagedObjectContext.swift */,
				49C8690424F44D66005D0C4D /* GoalCell.swift */,
				49026F9A24DB4FBF00724369 /* ProgressCell.swift */,
				49F1B1EB24FB34BA006D6887 /* CalendarCell.swift */,
				491A6621250997B200B659CB /* UserCell.swift */,
				49B328FD24E3269F00D9E8D4 /* DataImporter.swift */,
				4926509024FF25AF001AA5A3 /* MainDataImporter.swift */,
				49DB512B24ECAA6500857634 /* ButtonCreator.swift */,
				49DE68A524F71838009C886C /* ChartXAxisFormatter.swift */,
				496149CB25007DAE00C5A23B /* BarChartAxisFormatter.swift */,
				49C70D6825016923000BC383 /* MyAnnotation.swift */,
				49C70D7025018D12000BC383 /* MyAnnotationView.swift */,
				4996BD5524D485CB00E301B4 /* Info.plist */,
				49026F9024DB41EB00724369 /* Extensions-Utilities */,
				49026F9324DB4E2600724369 /* Supporting */,
			);
			path = Hundred;
			sourceTree = "<group>";
		};
		650606C2CD060E38037EE815 /* Pods */ = {
			isa = PBXGroup;
			children = (
				A27ACB2AB86EC0276A9D5E1C /* Pods-Hundred.debug.xcconfig */,
				EF20E996A044CC08C66516E8 /* Pods-Hundred.release.xcconfig */,
			);
			path = Pods;
			sourceTree = "<group>";
		};
/* End PBXGroup section */

/* Begin PBXNativeTarget section */
		4996BD4024D485C900E301B4 /* Hundred */ = {
			isa = PBXNativeTarget;
			buildConfigurationList = 4996BD5824D485CB00E301B4 /* Build configuration list for PBXNativeTarget "Hundred" */;
			buildPhases = (
				73651353D9B02A455D3CEFE0 /* [CP] Check Pods Manifest.lock */,
				4996BD3D24D485C900E301B4 /* Sources */,
				4996BD3E24D485C900E301B4 /* Frameworks */,
				4996BD3F24D485C900E301B4 /* Resources */,
				FD859C14A4D3E607CA487F9B /* [CP] Embed Pods Frameworks */,
			);
			buildRules = (
			);
			dependencies = (
			);
			name = Hundred;
			productName = Hundred;
			productReference = 4996BD4124D485C900E301B4 /* Hundred.app */;
			productType = "com.apple.product-type.application";
		};
/* End PBXNativeTarget section */

/* Begin PBXProject section */
		4996BD3924D485C900E301B4 /* Project object */ = {
			isa = PBXProject;
			attributes = {
				LastSwiftUpdateCheck = 1150;
				LastUpgradeCheck = 1150;
				ORGANIZATIONNAME = J;
				TargetAttributes = {
					4996BD4024D485C900E301B4 = {
						CreatedOnToolsVersion = 11.5;
					};
				};
			};
			buildConfigurationList = 4996BD3C24D485C900E301B4 /* Build configuration list for PBXProject "Hundred" */;
			compatibilityVersion = "Xcode 9.3";
			developmentRegion = en;
			hasScannedForEncodings = 0;
			knownRegions = (
				en,
				Base,
			);
			mainGroup = 4996BD3824D485C900E301B4;
			productRefGroup = 4996BD4224D485C900E301B4 /* Products */;
			projectDirPath = "";
			projectRoot = "";
			targets = (
				4996BD4024D485C900E301B4 /* Hundred */,
			);
		};
/* End PBXProject section */

/* Begin PBXResourcesBuildPhase section */
		4996BD3F24D485C900E301B4 /* Resources */ = {
			isa = PBXResourcesBuildPhase;
			buildActionMask = 2147483647;
			files = (
				4996BD5424D485CB00E301B4 /* LaunchScreen.storyboard in Resources */,
				4996BD5124D485CB00E301B4 /* Assets.xcassets in Resources */,
				4996BD4C24D485C900E301B4 /* Main.storyboard in Resources */,
			);
			runOnlyForDeploymentPostprocessing = 0;
		};
/* End PBXResourcesBuildPhase section */

/* Begin PBXShellScriptBuildPhase section */
		73651353D9B02A455D3CEFE0 /* [CP] Check Pods Manifest.lock */ = {
			isa = PBXShellScriptBuildPhase;
			buildActionMask = 2147483647;
			files = (
			);
			inputFileListPaths = (
			);
			inputPaths = (
				"${PODS_PODFILE_DIR_PATH}/Podfile.lock",
				"${PODS_ROOT}/Manifest.lock",
			);
			name = "[CP] Check Pods Manifest.lock";
			outputFileListPaths = (
			);
			outputPaths = (
				"$(DERIVED_FILE_DIR)/Pods-Hundred-checkManifestLockResult.txt",
			);
			runOnlyForDeploymentPostprocessing = 0;
			shellPath = /bin/sh;
			shellScript = "diff \"${PODS_PODFILE_DIR_PATH}/Podfile.lock\" \"${PODS_ROOT}/Manifest.lock\" > /dev/null\nif [ $? != 0 ] ; then\n    # print error to STDERR\n    echo \"error: The sandbox is not in sync with the Podfile.lock. Run 'pod install' or update your CocoaPods installation.\" >&2\n    exit 1\nfi\n# This output is used by Xcode 'outputs' to avoid re-running this script phase.\necho \"SUCCESS\" > \"${SCRIPT_OUTPUT_FILE_0}\"\n";
			showEnvVarsInLog = 0;
		};
		FD859C14A4D3E607CA487F9B /* [CP] Embed Pods Frameworks */ = {
			isa = PBXShellScriptBuildPhase;
			buildActionMask = 2147483647;
			files = (
			);
			inputFileListPaths = (
				"${PODS_ROOT}/Target Support Files/Pods-Hundred/Pods-Hundred-frameworks-${CONFIGURATION}-input-files.xcfilelist",
			);
			name = "[CP] Embed Pods Frameworks";
			outputFileListPaths = (
				"${PODS_ROOT}/Target Support Files/Pods-Hundred/Pods-Hundred-frameworks-${CONFIGURATION}-output-files.xcfilelist",
			);
			runOnlyForDeploymentPostprocessing = 0;
			shellPath = /bin/sh;
			shellScript = "\"${PODS_ROOT}/Target Support Files/Pods-Hundred/Pods-Hundred-frameworks.sh\"\n";
			showEnvVarsInLog = 0;
		};
/* End PBXShellScriptBuildPhase section */

/* Begin PBXSourcesBuildPhase section */
		4996BD3D24D485C900E301B4 /* Sources */ = {
			isa = PBXSourcesBuildPhase;
			buildActionMask = 2147483647;
			files = (
				49026F9B24DB4FBF00724369 /* ProgressCell.swift in Sources */,
				49795B7624DC864000D27111 /* EntryViewController.swift in Sources */,
				49C70D8C2501E018000BC383 /* Metric+CoreDataClass.swift in Sources */,
				49E9631224FC8FA10041239B /* SpinnerViewController.swift in Sources */,
				49C70D8E2501E018000BC383 /* Progress+CoreDataClass.swift in Sources */,
				49C70D732501940D000BC383 /* LocationSearchViewController.swift in Sources */,
				49C70D7125018D12000BC383 /* MyAnnotationView.swift in Sources */,
				49C70D6D25016BF1000BC383 /* MapViewController.swift in Sources */,
				491A6622250997B200B659CB /* UserCell.swift in Sources */,
				4996BD5C24D48B0700E301B4 /* GoalsTableViewController.swift in Sources */,
				498AC32724FD520D003FDBF2 /* BaseViewController.swift in Sources */,
				49C70D8D2501E018000BC383 /* Metric+CoreDataProperties.swift in Sources */,
				4906B77524F2FEA700417574 /* EditEntryViewController.swift in Sources */,
				498AC32924FD524C003FDBF2 /* PieChartViewController.swift in Sources */,
				499E8B2F24F0CC1700C829C8 /* EditViewController.swift in Sources */,
				49F1B1EC24FB34BA006D6887 /* CalendarCell.swift in Sources */,
				49F1B1EA24FB21B8006D6887 /* CalendarDetailTableViewController.swift in Sources */,
				49C70D8F2501E018000BC383 /* Progress+CoreDataProperties.swift in Sources */,
				49C70D6925016923000BC383 /* MyAnnotation.swift in Sources */,
				4996BD4924D485C900E301B4 /* ViewController.swift in Sources */,
				49026F9224DB423900724369 /* Constraints.swift in Sources */,
				49C70D8B2501E018000BC383 /* Goal+CoreDataProperties.swift in Sources */,
				494F0C2A24D70BAC00C5450C /* ExistingGoalsMenuTableViewController.swift in Sources */,
				4996BD4524D485C900E301B4 /* AppDelegate.swift in Sources */,
				4996BD5E24D4910600E301B4 /* AddGoalViewController.swift in Sources */,
				4926509124FF25AF001AA5A3 /* MainDataImporter.swift in Sources */,
				4996BD4F24D485C900E301B4 /* Hundred.xcdatamodeld in Sources */,
				49C8690524F44D66005D0C4D /* GoalCell.swift in Sources */,
				496149CC25007DAF00C5A23B /* BarChartAxisFormatter.swift in Sources */,
				491A66202509947300B659CB /* UsersViewController.swift in Sources */,
				491F5A7C24E458FA0075EDCD /* DetailTableViewController.swift in Sources */,
				497DC78424EA15A800446178 /* NewViewController.swift in Sources */,
				49B328FE24E3269F00D9E8D4 /* DataImporter.swift in Sources */,
				494F0C2C24D7246A00C5450C /* ManagedObjectContext.swift in Sources */,
				491165FF24FAE4A000B2963A /* Test.swift in Sources */,
				49DE68A624F71838009C886C /* ChartXAxisFormatter.swift in Sources */,
				49C70D8A2501E018000BC383 /* Goal+CoreDataClass.swift in Sources */,
				4996BD4724D485C900E301B4 /* SceneDelegate.swift in Sources */,
				49DB512A24EC453B00857634 /* Extensions-Style.swift in Sources */,
				49DB512C24ECAA6500857634 /* ButtonCreator.swift in Sources */,
			);
			runOnlyForDeploymentPostprocessing = 0;
		};
/* End PBXSourcesBuildPhase section */

/* Begin PBXVariantGroup section */
		4996BD4A24D485C900E301B4 /* Main.storyboard */ = {
			isa = PBXVariantGroup;
			children = (
				4996BD4B24D485C900E301B4 /* Base */,
			);
			name = Main.storyboard;
			sourceTree = "<group>";
		};
		4996BD5224D485CB00E301B4 /* LaunchScreen.storyboard */ = {
			isa = PBXVariantGroup;
			children = (
				4996BD5324D485CB00E301B4 /* Base */,
			);
			name = LaunchScreen.storyboard;
			sourceTree = "<group>";
		};
/* End PBXVariantGroup section */

/* Begin XCBuildConfiguration section */
		4996BD5624D485CB00E301B4 /* Debug */ = {
			isa = XCBuildConfiguration;
			buildSettings = {
				ALWAYS_SEARCH_USER_PATHS = NO;
				CLANG_ANALYZER_NONNULL = YES;
				CLANG_ANALYZER_NUMBER_OBJECT_CONVERSION = YES_AGGRESSIVE;
				CLANG_CXX_LANGUAGE_STANDARD = "gnu++14";
				CLANG_CXX_LIBRARY = "libc++";
				CLANG_ENABLE_MODULES = YES;
				CLANG_ENABLE_OBJC_ARC = YES;
				CLANG_ENABLE_OBJC_WEAK = YES;
				CLANG_WARN_BLOCK_CAPTURE_AUTORELEASING = YES;
				CLANG_WARN_BOOL_CONVERSION = YES;
				CLANG_WARN_COMMA = YES;
				CLANG_WARN_CONSTANT_CONVERSION = YES;
				CLANG_WARN_DEPRECATED_OBJC_IMPLEMENTATIONS = YES;
				CLANG_WARN_DIRECT_OBJC_ISA_USAGE = YES_ERROR;
				CLANG_WARN_DOCUMENTATION_COMMENTS = YES;
				CLANG_WARN_EMPTY_BODY = YES;
				CLANG_WARN_ENUM_CONVERSION = YES;
				CLANG_WARN_INFINITE_RECURSION = YES;
				CLANG_WARN_INT_CONVERSION = YES;
				CLANG_WARN_NON_LITERAL_NULL_CONVERSION = YES;
				CLANG_WARN_OBJC_IMPLICIT_RETAIN_SELF = YES;
				CLANG_WARN_OBJC_LITERAL_CONVERSION = YES;
				CLANG_WARN_OBJC_ROOT_CLASS = YES_ERROR;
				CLANG_WARN_RANGE_LOOP_ANALYSIS = YES;
				CLANG_WARN_STRICT_PROTOTYPES = YES;
				CLANG_WARN_SUSPICIOUS_MOVE = YES;
				CLANG_WARN_UNGUARDED_AVAILABILITY = YES_AGGRESSIVE;
				CLANG_WARN_UNREACHABLE_CODE = YES;
				CLANG_WARN__DUPLICATE_METHOD_MATCH = YES;
				COPY_PHASE_STRIP = NO;
				DEBUG_INFORMATION_FORMAT = dwarf;
				ENABLE_STRICT_OBJC_MSGSEND = YES;
				ENABLE_TESTABILITY = YES;
				GCC_C_LANGUAGE_STANDARD = gnu11;
				GCC_DYNAMIC_NO_PIC = NO;
				GCC_NO_COMMON_BLOCKS = YES;
				GCC_OPTIMIZATION_LEVEL = 0;
				GCC_PREPROCESSOR_DEFINITIONS = (
					"DEBUG=1",
					"$(inherited)",
				);
				GCC_WARN_64_TO_32_BIT_CONVERSION = YES;
				GCC_WARN_ABOUT_RETURN_TYPE = YES_ERROR;
				GCC_WARN_UNDECLARED_SELECTOR = YES;
				GCC_WARN_UNINITIALIZED_AUTOS = YES_AGGRESSIVE;
				GCC_WARN_UNUSED_FUNCTION = YES;
				GCC_WARN_UNUSED_VARIABLE = YES;
				IPHONEOS_DEPLOYMENT_TARGET = 13.0;
				MTL_ENABLE_DEBUG_INFO = INCLUDE_SOURCE;
				MTL_FAST_MATH = YES;
				ONLY_ACTIVE_ARCH = YES;
				SDKROOT = iphoneos;
				SWIFT_ACTIVE_COMPILATION_CONDITIONS = DEBUG;
				SWIFT_OPTIMIZATION_LEVEL = "-Onone";
			};
			name = Debug;
		};
		4996BD5724D485CB00E301B4 /* Release */ = {
			isa = XCBuildConfiguration;
			buildSettings = {
				ALWAYS_SEARCH_USER_PATHS = NO;
				CLANG_ANALYZER_NONNULL = YES;
				CLANG_ANALYZER_NUMBER_OBJECT_CONVERSION = YES_AGGRESSIVE;
				CLANG_CXX_LANGUAGE_STANDARD = "gnu++14";
				CLANG_CXX_LIBRARY = "libc++";
				CLANG_ENABLE_MODULES = YES;
				CLANG_ENABLE_OBJC_ARC = YES;
				CLANG_ENABLE_OBJC_WEAK = YES;
				CLANG_WARN_BLOCK_CAPTURE_AUTORELEASING = YES;
				CLANG_WARN_BOOL_CONVERSION = YES;
				CLANG_WARN_COMMA = YES;
				CLANG_WARN_CONSTANT_CONVERSION = YES;
				CLANG_WARN_DEPRECATED_OBJC_IMPLEMENTATIONS = YES;
				CLANG_WARN_DIRECT_OBJC_ISA_USAGE = YES_ERROR;
				CLANG_WARN_DOCUMENTATION_COMMENTS = YES;
				CLANG_WARN_EMPTY_BODY = YES;
				CLANG_WARN_ENUM_CONVERSION = YES;
				CLANG_WARN_INFINITE_RECURSION = YES;
				CLANG_WARN_INT_CONVERSION = YES;
				CLANG_WARN_NON_LITERAL_NULL_CONVERSION = YES;
				CLANG_WARN_OBJC_IMPLICIT_RETAIN_SELF = YES;
				CLANG_WARN_OBJC_LITERAL_CONVERSION = YES;
				CLANG_WARN_OBJC_ROOT_CLASS = YES_ERROR;
				CLANG_WARN_RANGE_LOOP_ANALYSIS = YES;
				CLANG_WARN_STRICT_PROTOTYPES = YES;
				CLANG_WARN_SUSPICIOUS_MOVE = YES;
				CLANG_WARN_UNGUARDED_AVAILABILITY = YES_AGGRESSIVE;
				CLANG_WARN_UNREACHABLE_CODE = YES;
				CLANG_WARN__DUPLICATE_METHOD_MATCH = YES;
				COPY_PHASE_STRIP = NO;
				DEBUG_INFORMATION_FORMAT = "dwarf-with-dsym";
				ENABLE_NS_ASSERTIONS = NO;
				ENABLE_STRICT_OBJC_MSGSEND = YES;
				GCC_C_LANGUAGE_STANDARD = gnu11;
				GCC_NO_COMMON_BLOCKS = YES;
				GCC_WARN_64_TO_32_BIT_CONVERSION = YES;
				GCC_WARN_ABOUT_RETURN_TYPE = YES_ERROR;
				GCC_WARN_UNDECLARED_SELECTOR = YES;
				GCC_WARN_UNINITIALIZED_AUTOS = YES_AGGRESSIVE;
				GCC_WARN_UNUSED_FUNCTION = YES;
				GCC_WARN_UNUSED_VARIABLE = YES;
				IPHONEOS_DEPLOYMENT_TARGET = 13.0;
				MTL_ENABLE_DEBUG_INFO = NO;
				MTL_FAST_MATH = YES;
				SDKROOT = iphoneos;
				SWIFT_COMPILATION_MODE = wholemodule;
				SWIFT_OPTIMIZATION_LEVEL = "-O";
				VALIDATE_PRODUCT = YES;
			};
			name = Release;
		};
		4996BD5924D485CB00E301B4 /* Debug */ = {
			isa = XCBuildConfiguration;
			baseConfigurationReference = A27ACB2AB86EC0276A9D5E1C /* Pods-Hundred.debug.xcconfig */;
			buildSettings = {
				ASSETCATALOG_COMPILER_APPICON_NAME = AppIcon;
				CODE_SIGN_ENTITLEMENTS = Hundred/Hundred.entitlements;
				CODE_SIGN_STYLE = Automatic;
				DEVELOPMENT_TEAM = 2RH2V33K5A;
				INFOPLIST_FILE = Hundred/Info.plist;
				IPHONEOS_DEPLOYMENT_TARGET = 13.0;
				LD_RUNPATH_SEARCH_PATHS = (
					"$(inherited)",
					"@executable_path/Frameworks",
				);
				PRODUCT_BUNDLE_IDENTIFIER = com.noName.Hundred;
				PRODUCT_NAME = "$(TARGET_NAME)";
				SWIFT_VERSION = 5.0;
				TARGETED_DEVICE_FAMILY = "1,2";
			};
			name = Debug;
		};
		4996BD5A24D485CB00E301B4 /* Release */ = {
			isa = XCBuildConfiguration;
			baseConfigurationReference = EF20E996A044CC08C66516E8 /* Pods-Hundred.release.xcconfig */;
			buildSettings = {
				ASSETCATALOG_COMPILER_APPICON_NAME = AppIcon;
				CODE_SIGN_ENTITLEMENTS = Hundred/Hundred.entitlements;
				CODE_SIGN_STYLE = Automatic;
				DEVELOPMENT_TEAM = 2RH2V33K5A;
				INFOPLIST_FILE = Hundred/Info.plist;
				IPHONEOS_DEPLOYMENT_TARGET = 13.0;
				LD_RUNPATH_SEARCH_PATHS = (
					"$(inherited)",
					"@executable_path/Frameworks",
				);
				PRODUCT_BUNDLE_IDENTIFIER = com.noName.Hundred;
				PRODUCT_NAME = "$(TARGET_NAME)";
				SWIFT_VERSION = 5.0;
				TARGETED_DEVICE_FAMILY = "1,2";
			};
			name = Release;
		};
/* End XCBuildConfiguration section */

/* Begin XCConfigurationList section */
		4996BD3C24D485C900E301B4 /* Build configuration list for PBXProject "Hundred" */ = {
			isa = XCConfigurationList;
			buildConfigurations = (
				4996BD5624D485CB00E301B4 /* Debug */,
				4996BD5724D485CB00E301B4 /* Release */,
			);
			defaultConfigurationIsVisible = 0;
			defaultConfigurationName = Release;
		};
		4996BD5824D485CB00E301B4 /* Build configuration list for PBXNativeTarget "Hundred" */ = {
			isa = XCConfigurationList;
			buildConfigurations = (
				4996BD5924D485CB00E301B4 /* Debug */,
				4996BD5A24D485CB00E301B4 /* Release */,
			);
			defaultConfigurationIsVisible = 0;
			defaultConfigurationName = Release;
		};
/* End XCConfigurationList section */

/* Begin XCVersionGroup section */
		4996BD4D24D485C900E301B4 /* Hundred.xcdatamodeld */ = {
			isa = XCVersionGroup;
			children = (
				4996BD4E24D485C900E301B4 /* Hundred.xcdatamodel */,
			);
			currentVersion = 4996BD4E24D485C900E301B4 /* Hundred.xcdatamodel */;
			path = Hundred.xcdatamodeld;
			sourceTree = "<group>";
			versionGroupType = wrapper.xcdatamodel;
		};
/* End XCVersionGroup section */
	};
	rootObject = 4996BD3924D485C900E301B4 /* Project object */;
}
